<?xml version="1.0" encoding="utf-8"?>
<Project ToolsVersion="4.0" xmlns="http://schemas.microsoft.com/developer/msbuild/2003">
  <ItemGroup>
    <Filter Include="99. Defines">
      <UniqueIdentifier>{23e115cc-45d5-4ecd-af80-14cf1f15aa17}</UniqueIdentifier>
    </Filter>
    <Filter Include="00. Systems">
      <UniqueIdentifier>{569ea096-4bd3-41bc-bbc0-7baa539b7d2e}</UniqueIdentifier>
    </Filter>
    <Filter Include="01. Utility">
      <UniqueIdentifier>{928973bf-070b-47e4-ae7c-eb9e45593691}</UniqueIdentifier>
    </Filter>
    <Filter Include="01. Utility\99. SuperClass">
      <UniqueIdentifier>{5bc03dda-8ec8-4fab-9ec8-6d879c2ac6fc}</UniqueIdentifier>
    </Filter>
    <Filter Include="00. Systems\01. Device">
      <UniqueIdentifier>{2935ce74-a5e4-41a4-bfe2-8a9bc581dcfc}</UniqueIdentifier>
    </Filter>
    <Filter Include="00. Systems\00. Timers">
      <UniqueIdentifier>{0d8118cc-6c64-4c2f-91ab-7f53795e3933}</UniqueIdentifier>
    </Filter>
    <Filter Include="00. Systems\00. Timers\00. Manager">
      <UniqueIdentifier>{8f4d795b-6676-4503-b6c6-604f20752ee4}</UniqueIdentifier>
    </Filter>
    <Filter Include="00. Systems\01. Device\00. Graphic">
      <UniqueIdentifier>{cd8b8188-d758-47e2-b7d1-50abd88afbee}</UniqueIdentifier>
    </Filter>
    <Filter Include="01. Utility\00. GameInstance">
      <UniqueIdentifier>{8d9f7680-840e-40b4-b3f3-6ee2f72baee1}</UniqueIdentifier>
    </Filter>
    <Filter Include="01. Utility\01. Levels">
      <UniqueIdentifier>{2e4b52ec-61be-4377-aa5f-eaba6828565d}</UniqueIdentifier>
    </Filter>
    <Filter Include="01. Utility\01. Levels\00. Manager">
      <UniqueIdentifier>{fd039185-7240-4577-863f-2ecf4c3f28c8}</UniqueIdentifier>
    </Filter>
    <Filter Include="01. Utility\03. GameObject">
      <UniqueIdentifier>{f18aa230-76ea-41f2-9f8a-520fe934d70c}</UniqueIdentifier>
    </Filter>
    <Filter Include="01. Utility\03. GameObject\00. Manager">
      <UniqueIdentifier>{644722f0-3ba3-4f77-9c9f-84c34a2e71b1}</UniqueIdentifier>
    </Filter>
    <Filter Include="01. Utility\03. GameObject\01. Layer">
      <UniqueIdentifier>{ac1f08e1-a78b-4a40-b76c-4d5737b39b16}</UniqueIdentifier>
    </Filter>
    <Filter Include="01. Utility\02. Prototype">
      <UniqueIdentifier>{49d5d14a-c46b-4154-a27c-0b8d0522c3a0}</UniqueIdentifier>
    </Filter>
    <Filter Include="01. Utility\02. Prototype\00. Manager">
      <UniqueIdentifier>{a7958890-d2d1-4ce6-8600-5395a0015abc}</UniqueIdentifier>
    </Filter>
    <Filter Include="01. Utility\03. GameObject\02. UI Object">
      <UniqueIdentifier>{e42b68e0-e76c-4575-b7cc-1ed6a6a9ba28}</UniqueIdentifier>
    </Filter>
  </ItemGroup>
  <ItemGroup>
    <ClCompile Include="..\Private\Base.cpp">
      <Filter>01. Utility\99. SuperClass</Filter>
    </ClCompile>
    <ClCompile Include="..\Private\Timer_Manager.cpp">
      <Filter>00. Systems\00. Timers\00. Manager</Filter>
    </ClCompile>
    <ClCompile Include="..\Private\Timer.cpp">
      <Filter>00. Systems\00. Timers</Filter>
    </ClCompile>
    <ClCompile Include="..\Private\GameInstance.cpp">
      <Filter>01. Utility\00. GameInstance</Filter>
    </ClCompile>
    <ClCompile Include="..\Private\Graphic_Device.cpp">
      <Filter>00. Systems\01. Device\00. Graphic</Filter>
    </ClCompile>
    <ClCompile Include="..\Private\Level_Manager.cpp">
      <Filter>01. Utility\01. Levels\00. Manager</Filter>
    </ClCompile>
    <ClCompile Include="..\Private\Level.cpp">
      <Filter>01. Utility\01. Levels</Filter>
    </ClCompile>
    <ClCompile Include="..\Private\GameObject.cpp">
      <Filter>01. Utility\03. GameObject</Filter>
    </ClCompile>
    <ClCompile Include="..\Private\Object_Manager.cpp">
      <Filter>01. Utility\03. GameObject\00. Manager</Filter>
    </ClCompile>
    <ClCompile Include="..\Private\Layer.cpp">
      <Filter>01. Utility\03. GameObject\01. Layer</Filter>
    </ClCompile>
    <ClCompile Include="..\Private\Prototype_Manager.cpp">
      <Filter>01. Utility\02. Prototype\00. Manager</Filter>
    </ClCompile>
    <ClCompile Include="..\Private\UIObj.cpp">
      <Filter>01. Utility\03. GameObject\02. UI Object</Filter>
    </ClCompile>
  </ItemGroup>
  <ItemGroup>
    <ClInclude Include="..\Public\Base.h">
      <Filter>01. Utility\99. SuperClass</Filter>
    </ClInclude>
    <ClInclude Include="..\Public\Engine_Define.h">
      <Filter>99. Defines</Filter>
    </ClInclude>
    <ClInclude Include="..\Public\Engine_Enum.h">
      <Filter>99. Defines</Filter>
    </ClInclude>
    <ClInclude Include="..\Public\Engine_Function.h">
      <Filter>99. Defines</Filter>
    </ClInclude>
    <ClInclude Include="..\Public\Engine_Macro.h">
      <Filter>99. Defines</Filter>
    </ClInclude>
    <ClInclude Include="..\Public\Engine_Struct.h">
      <Filter>99. Defines</Filter>
    </ClInclude>
    <ClInclude Include="..\Public\Engine_Typedef.h">
      <Filter>99. Defines</Filter>
    </ClInclude>
    <ClInclude Include="..\Public\Timer_Manager.h">
      <Filter>00. Systems\00. Timers\00. Manager</Filter>
    </ClInclude>
    <ClInclude Include="..\Public\Timer.h">
      <Filter>00. Systems\00. Timers</Filter>
    </ClInclude>
    <ClInclude Include="..\Public\GameInstance.h">
      <Filter>01. Utility\00. GameInstance</Filter>
    </ClInclude>
    <ClInclude Include="..\Public\Graphic_Device.h">
      <Filter>00. Systems\01. Device\00. Graphic</Filter>
    </ClInclude>
    <ClInclude Include="..\Public\Level_Manager.h">
      <Filter>01. Utility\01. Levels\00. Manager</Filter>
    </ClInclude>
    <ClInclude Include="..\Public\Level.h">
      <Filter>01. Utility\01. Levels</Filter>
    </ClInclude>
    <ClInclude Include="..\Public\GameObject.h">
      <Filter>01. Utility\03. GameObject</Filter>
    </ClInclude>
    <ClInclude Include="..\Public\Object_Manager.h">
      <Filter>01. Utility\03. GameObject\00. Manager</Filter>
    </ClInclude>
    <ClInclude Include="..\Public\Layer.h">
      <Filter>01. Utility\03. GameObject\01. Layer</Filter>
    </ClInclude>
    <ClInclude Include="..\Public\Prototype_Manager.h">
      <Filter>01. Utility\02. Prototype\00. Manager</Filter>
    </ClInclude>
    <ClInclude Include="..\Public\UIObj.h">
      <Filter>01. Utility\03. GameObject\02. UI Object</Filter>
    </ClInclude>
  </ItemGroup>
</Project>