<?xml version="1.0" encoding="utf-8"?>
<Project ToolsVersion="4.0" xmlns="http://schemas.microsoft.com/developer/msbuild/2003">
  <ItemGroup>
    <Filter Include="99. Defines">
      <UniqueIdentifier>{23e115cc-45d5-4ecd-af80-14cf1f15aa17}</UniqueIdentifier>
    </Filter>
    <Filter Include="00. Systems">
      <UniqueIdentifier>{569ea096-4bd3-41bc-bbc0-7baa539b7d2e}</UniqueIdentifier>
    </Filter>
    <Filter Include="01. Utility">
      <UniqueIdentifier>{928973bf-070b-47e4-ae7c-eb9e45593691}</UniqueIdentifier>
    </Filter>
    <Filter Include="01. Utility\99. SuperClass">
      <UniqueIdentifier>{5bc03dda-8ec8-4fab-9ec8-6d879c2ac6fc}</UniqueIdentifier>
    </Filter>
    <Filter Include="00. Systems\01. Device">
      <UniqueIdentifier>{2935ce74-a5e4-41a4-bfe2-8a9bc581dcfc}</UniqueIdentifier>
    </Filter>
    <Filter Include="00. Systems\00. Timers">
      <UniqueIdentifier>{0d8118cc-6c64-4c2f-91ab-7f53795e3933}</UniqueIdentifier>
    </Filter>
    <Filter Include="00. Systems\00. Timers\00. Manager">
      <UniqueIdentifier>{8f4d795b-6676-4503-b6c6-604f20752ee4}</UniqueIdentifier>
    </Filter>
    <Filter Include="00. Systems\01. Device\00. Graphic">
      <UniqueIdentifier>{cd8b8188-d758-47e2-b7d1-50abd88afbee}</UniqueIdentifier>
    </Filter>
    <Filter Include="01. Utility\00. GameInstance">
      <UniqueIdentifier>{8d9f7680-840e-40b4-b3f3-6ee2f72baee1}</UniqueIdentifier>
    </Filter>
    <Filter Include="01. Utility\03. GameObject">
      <UniqueIdentifier>{f18aa230-76ea-41f2-9f8a-520fe934d70c}</UniqueIdentifier>
    </Filter>
    <Filter Include="01. Utility\03. GameObject\00. Manager">
      <UniqueIdentifier>{644722f0-3ba3-4f77-9c9f-84c34a2e71b1}</UniqueIdentifier>
    </Filter>
    <Filter Include="01. Utility\03. GameObject\01. Layer">
      <UniqueIdentifier>{ac1f08e1-a78b-4a40-b76c-4d5737b39b16}</UniqueIdentifier>
    </Filter>
    <Filter Include="01. Utility\02. Prototype">
      <UniqueIdentifier>{49d5d14a-c46b-4154-a27c-0b8d0522c3a0}</UniqueIdentifier>
    </Filter>
    <Filter Include="01. Utility\02. Prototype\00. Manager">
      <UniqueIdentifier>{a7958890-d2d1-4ce6-8600-5395a0015abc}</UniqueIdentifier>
    </Filter>
    <Filter Include="01. Utility\03. GameObject\02. UI Object">
      <UniqueIdentifier>{e42b68e0-e76c-4575-b7cc-1ed6a6a9ba28}</UniqueIdentifier>
    </Filter>
    <Filter Include="01. Utility\04. Renderer">
      <UniqueIdentifier>{7686e397-d68e-4c0d-8f25-ec6c3bb36fb3}</UniqueIdentifier>
    </Filter>
    <Filter Include="01. Utility\05. Component">
      <UniqueIdentifier>{95196612-7754-4312-a6ef-b94cffbdd108}</UniqueIdentifier>
    </Filter>
    <Filter Include="01. Utility\05. Component\00. Transform">
      <UniqueIdentifier>{e1856e15-a98f-45c8-8eea-6214b3d43a30}</UniqueIdentifier>
    </Filter>
    <Filter Include="01. Utility\05. Component\01. VI Buffer">
      <UniqueIdentifier>{41eb70d3-f8a4-47dc-83f9-accaa9c7855b}</UniqueIdentifier>
    </Filter>
    <Filter Include="01. Utility\05. Component\01. VI Buffer\00. Rect">
      <UniqueIdentifier>{5b044ecb-697b-4f3c-92da-525dfeafe4eb}</UniqueIdentifier>
    </Filter>
    <Filter Include="01. Utility\05. Component\02. Shader">
      <UniqueIdentifier>{47cfcfe8-5c02-4938-8276-75ed8609b6d9}</UniqueIdentifier>
    </Filter>
    <Filter Include="01. Utility\05. Component\03. Texture">
      <UniqueIdentifier>{37cf45b0-a509-441a-afa6-62d7fdfe92ed}</UniqueIdentifier>
    </Filter>
    <Filter Include="01. Utility\05. Component\01. VI Buffer\01. Terrain">
      <UniqueIdentifier>{dc275184-e2bf-4b93-82ec-33ed70b2bf81}</UniqueIdentifier>
    </Filter>
    <Filter Include="01. Utility\06. Pipeline">
      <UniqueIdentifier>{1ba15860-5f48-4d59-9f14-6bce712cab71}</UniqueIdentifier>
    </Filter>
    <Filter Include="01. Utility\03. GameObject\03. Camera">
      <UniqueIdentifier>{5c4d4ac9-fb06-4f2d-b51d-35789222b0f5}</UniqueIdentifier>
    </Filter>
    <Filter Include="00. Systems\01. Device\01. Input">
      <UniqueIdentifier>{28c35f5c-89f6-45ef-a072-1378a07aa2d7}</UniqueIdentifier>
    </Filter>
    <Filter Include="01. Utility\07. Lights">
      <UniqueIdentifier>{57dce5d5-6283-4159-80d5-5688a386c302}</UniqueIdentifier>
    </Filter>
    <Filter Include="01. Utility\07. Lights\00. Manager">
      <UniqueIdentifier>{2b1fc908-32b1-45f0-b98f-f9242af5a6cc}</UniqueIdentifier>
    </Filter>
    <Filter Include="01. Utility\01. Levels">
      <UniqueIdentifier>{2e4b52ec-61be-4377-aa5f-eaba6828565d}</UniqueIdentifier>
    </Filter>
    <Filter Include="01. Utility\01. Levels\00. Manager">
      <UniqueIdentifier>{fd039185-7240-4577-863f-2ecf4c3f28c8}</UniqueIdentifier>
    </Filter>
    <Filter Include="01. Utility\05. Component\04. Model">
      <UniqueIdentifier>{d6a0bf69-fef3-4b0c-9681-48834facadce}</UniqueIdentifier>
    </Filter>
    <Filter Include="01. Utility\05. Component\04. Model\00. Mesh">
      <UniqueIdentifier>{a480523c-2950-4a41-ad7f-38b78389b122}</UniqueIdentifier>
    </Filter>
    <Filter Include="01. Utility\05. Component\04. Model\01. Material">
      <UniqueIdentifier>{af7bf252-8e15-48d2-9d62-437e9f0a921b}</UniqueIdentifier>
    </Filter>
    <Filter Include="01. Utility\05. Component\99. Calculator">
      <UniqueIdentifier>{0e527864-4d82-4f66-9ab4-f5e15da1fbe2}</UniqueIdentifier>
    </Filter>
    <Filter Include="01. Utility\05. Component\04. Model\02. Bone">
      <UniqueIdentifier>{8f33fee4-c375-42c5-b929-c7ebfcb41fcc}</UniqueIdentifier>
    </Filter>
    <Filter Include="01. Utility\05. Component\04. Model\03. Animation">
      <UniqueIdentifier>{283a24ca-e38b-4836-a348-e933cd2a826c}</UniqueIdentifier>
    </Filter>
    <Filter Include="01. Utility\05. Component\04. Model\03. Animation\00. Channel">
      <UniqueIdentifier>{c21053ef-bb30-47d4-b4a3-f50a04a27d92}</UniqueIdentifier>
    </Filter>
    <Filter Include="01. Utility\03. GameObject\04. Part Object">
      <UniqueIdentifier>{60a52c3d-d63e-44d0-b7ae-6f021bd91453}</UniqueIdentifier>
    </Filter>
    <Filter Include="01. Utility\03. GameObject\05. Container Object">
      <UniqueIdentifier>{d8555b0f-779d-4c9c-b106-3e3fcfd3076d}</UniqueIdentifier>
    </Filter>
    <Filter Include="01. Utility\05. Component\05. State">
      <UniqueIdentifier>{ad30fc32-f6f2-473a-a4cb-e1cd2a2be11b}</UniqueIdentifier>
    </Filter>
    <Filter Include="01. Utility\05. Component\05. State\00. StateMachine">
      <UniqueIdentifier>{8e4bd18f-0d5d-4cee-b4fd-adddc1b3f7d4}</UniqueIdentifier>
    </Filter>
  </ItemGroup>
  <ItemGroup>
    <ClCompile Include="..\Private\Base.cpp">
      <Filter>01. Utility\99. SuperClass</Filter>
    </ClCompile>
    <ClCompile Include="..\Private\Timer_Manager.cpp">
      <Filter>00. Systems\00. Timers\00. Manager</Filter>
    </ClCompile>
    <ClCompile Include="..\Private\Timer.cpp">
      <Filter>00. Systems\00. Timers</Filter>
    </ClCompile>
    <ClCompile Include="..\Private\GameInstance.cpp">
      <Filter>01. Utility\00. GameInstance</Filter>
    </ClCompile>
    <ClCompile Include="..\Private\Graphic_Device.cpp">
      <Filter>00. Systems\01. Device\00. Graphic</Filter>
    </ClCompile>
    <ClCompile Include="..\Private\Level_Manager.cpp">
      <Filter>01. Utility\01. Levels\00. Manager</Filter>
    </ClCompile>
    <ClCompile Include="..\Private\Level.cpp">
      <Filter>01. Utility\01. Levels</Filter>
    </ClCompile>
    <ClCompile Include="..\Private\GameObject.cpp">
      <Filter>01. Utility\03. GameObject</Filter>
    </ClCompile>
    <ClCompile Include="..\Private\Object_Manager.cpp">
      <Filter>01. Utility\03. GameObject\00. Manager</Filter>
    </ClCompile>
    <ClCompile Include="..\Private\Layer.cpp">
      <Filter>01. Utility\03. GameObject\01. Layer</Filter>
    </ClCompile>
    <ClCompile Include="..\Private\Prototype_Manager.cpp">
      <Filter>01. Utility\02. Prototype\00. Manager</Filter>
    </ClCompile>
    <ClCompile Include="..\Private\UIObj.cpp">
      <Filter>01. Utility\03. GameObject\02. UI Object</Filter>
    </ClCompile>
    <ClCompile Include="..\Private\Renderer.cpp">
      <Filter>01. Utility\04. Renderer</Filter>
    </ClCompile>
    <ClCompile Include="..\Private\Component.cpp">
      <Filter>01. Utility\05. Component</Filter>
    </ClCompile>
    <ClCompile Include="..\Private\Transform.cpp">
      <Filter>01. Utility\05. Component\00. Transform</Filter>
    </ClCompile>
    <ClCompile Include="..\Private\VIBuffer.cpp">
      <Filter>01. Utility\05. Component\01. VI Buffer</Filter>
    </ClCompile>
    <ClCompile Include="..\Private\VIBuffer_Rect.cpp">
      <Filter>01. Utility\05. Component\01. VI Buffer\00. Rect</Filter>
    </ClCompile>
    <ClCompile Include="..\Private\Shader.cpp">
      <Filter>01. Utility\05. Component\02. Shader</Filter>
    </ClCompile>
    <ClCompile Include="..\Private\Texture.cpp">
      <Filter>01. Utility\05. Component\03. Texture</Filter>
    </ClCompile>
    <ClCompile Include="..\Private\VIBuffer_Terrain.cpp">
      <Filter>01. Utility\05. Component\01. VI Buffer\01. Terrain</Filter>
    </ClCompile>
    <ClCompile Include="..\Private\PipeLine.cpp">
      <Filter>01. Utility\06. Pipeline</Filter>
    </ClCompile>
    <ClCompile Include="..\Private\Camera.cpp">
      <Filter>01. Utility\03. GameObject\03. Camera</Filter>
    </ClCompile>
    <ClCompile Include="..\Private\Input_Device.cpp">
      <Filter>00. Systems\01. Device\01. Input</Filter>
    </ClCompile>
    <ClCompile Include="..\Private\Light.cpp">
      <Filter>01. Utility\07. Lights</Filter>
    </ClCompile>
    <ClCompile Include="..\Private\Light_Manager.cpp">
      <Filter>01. Utility\07. Lights\00. Manager</Filter>
    </ClCompile>
    <ClCompile Include="..\Private\Model.cpp">
      <Filter>01. Utility\05. Component\04. Model</Filter>
    </ClCompile>
    <ClCompile Include="..\Private\Mesh.cpp">
      <Filter>01. Utility\05. Component\04. Model\00. Mesh</Filter>
    </ClCompile>
    <ClCompile Include="..\Private\Material.cpp">
      <Filter>01. Utility\05. Component\04. Model\01. Material</Filter>
    </ClCompile>
    <ClCompile Include="..\Private\Calculator.cpp">
      <Filter>01. Utility\05. Component\99. Calculator</Filter>
    </ClCompile>
    <ClCompile Include="..\Private\Bone.cpp">
      <Filter>01. Utility\05. Component\04. Model\02. Bone</Filter>
    </ClCompile>
    <ClCompile Include="..\Private\Animation.cpp">
      <Filter>01. Utility\05. Component\04. Model\03. Animation</Filter>
    </ClCompile>
    <ClCompile Include="..\Private\Channel.cpp">
      <Filter>01. Utility\05. Component\04. Model\03. Animation\00. Channel</Filter>
    </ClCompile>
    <ClCompile Include="..\Private\PartObject.cpp">
      <Filter>01. Utility\03. GameObject\04. Part Object</Filter>
    </ClCompile>
    <ClCompile Include="..\Private\ContainerObject.cpp">
      <Filter>01. Utility\03. GameObject\05. Container Object</Filter>
    </ClCompile>
    <ClCompile Include="..\Private\State.cpp">
      <Filter>01. Utility\05. Component\05. State</Filter>
    </ClCompile>
    <ClCompile Include="..\Private\StateMachine.cpp">
      <Filter>01. Utility\05. Component\05. State\00. StateMachine</Filter>
    </ClCompile>
  </ItemGroup>
  <ItemGroup>
    <ClInclude Include="..\Public\Base.h">
      <Filter>01. Utility\99. SuperClass</Filter>
    </ClInclude>
    <ClInclude Include="..\Public\Engine_Define.h">
      <Filter>99. Defines</Filter>
    </ClInclude>
    <ClInclude Include="..\Public\Engine_Enum.h">
      <Filter>99. Defines</Filter>
    </ClInclude>
    <ClInclude Include="..\Public\Engine_Function.h">
      <Filter>99. Defines</Filter>
    </ClInclude>
    <ClInclude Include="..\Public\Engine_Macro.h">
      <Filter>99. Defines</Filter>
    </ClInclude>
    <ClInclude Include="..\Public\Engine_Struct.h">
      <Filter>99. Defines</Filter>
    </ClInclude>
    <ClInclude Include="..\Public\Engine_Typedef.h">
      <Filter>99. Defines</Filter>
    </ClInclude>
    <ClInclude Include="..\Public\Timer_Manager.h">
      <Filter>00. Systems\00. Timers\00. Manager</Filter>
    </ClInclude>
    <ClInclude Include="..\Public\Timer.h">
      <Filter>00. Systems\00. Timers</Filter>
    </ClInclude>
    <ClInclude Include="..\Public\GameInstance.h">
      <Filter>01. Utility\00. GameInstance</Filter>
    </ClInclude>
    <ClInclude Include="..\Public\Graphic_Device.h">
      <Filter>00. Systems\01. Device\00. Graphic</Filter>
    </ClInclude>
    <ClInclude Include="..\Public\Level_Manager.h">
      <Filter>01. Utility\01. Levels\00. Manager</Filter>
    </ClInclude>
    <ClInclude Include="..\Public\Level.h">
      <Filter>01. Utility\01. Levels</Filter>
    </ClInclude>
    <ClInclude Include="..\Public\GameObject.h">
      <Filter>01. Utility\03. GameObject</Filter>
    </ClInclude>
    <ClInclude Include="..\Public\Object_Manager.h">
      <Filter>01. Utility\03. GameObject\00. Manager</Filter>
    </ClInclude>
    <ClInclude Include="..\Public\Layer.h">
      <Filter>01. Utility\03. GameObject\01. Layer</Filter>
    </ClInclude>
    <ClInclude Include="..\Public\Prototype_Manager.h">
      <Filter>01. Utility\02. Prototype\00. Manager</Filter>
    </ClInclude>
    <ClInclude Include="..\Public\UIObj.h">
      <Filter>01. Utility\03. GameObject\02. UI Object</Filter>
    </ClInclude>
    <ClInclude Include="..\Public\Renderer.h">
      <Filter>01. Utility\04. Renderer</Filter>
    </ClInclude>
    <ClInclude Include="..\Public\Component.h">
      <Filter>01. Utility\05. Component</Filter>
    </ClInclude>
    <ClInclude Include="..\Public\Transform.h">
      <Filter>01. Utility\05. Component\00. Transform</Filter>
    </ClInclude>
    <ClInclude Include="..\Public\VIBuffer.h">
      <Filter>01. Utility\05. Component\01. VI Buffer</Filter>
    </ClInclude>
    <ClInclude Include="..\Public\VIBuffer_Rect.h">
      <Filter>01. Utility\05. Component\01. VI Buffer\00. Rect</Filter>
    </ClInclude>
    <ClInclude Include="..\Public\Shader.h">
      <Filter>01. Utility\05. Component\02. Shader</Filter>
    </ClInclude>
    <ClInclude Include="..\Public\Texture.h">
      <Filter>01. Utility\05. Component\03. Texture</Filter>
    </ClInclude>
    <ClInclude Include="..\Public\VIBuffer_Terrain.h">
      <Filter>01. Utility\05. Component\01. VI Buffer\01. Terrain</Filter>
    </ClInclude>
    <ClInclude Include="..\Public\PipeLine.h">
      <Filter>01. Utility\06. Pipeline</Filter>
    </ClInclude>
    <ClInclude Include="..\Public\Camera.h">
      <Filter>01. Utility\03. GameObject\03. Camera</Filter>
    </ClInclude>
    <ClInclude Include="..\Public\Input_Device.h">
      <Filter>00. Systems\01. Device\01. Input</Filter>
    </ClInclude>
    <ClInclude Include="..\Public\Light.h">
      <Filter>01. Utility\07. Lights</Filter>
    </ClInclude>
    <ClInclude Include="..\Public\Light_Manager.h">
      <Filter>01. Utility\07. Lights\00. Manager</Filter>
    </ClInclude>
    <ClInclude Include="..\Public\Model.h">
      <Filter>01. Utility\05. Component\04. Model</Filter>
    </ClInclude>
    <ClInclude Include="..\Public\Mesh.h">
      <Filter>01. Utility\05. Component\04. Model\00. Mesh</Filter>
    </ClInclude>
    <ClInclude Include="..\Public\Material.h">
      <Filter>01. Utility\05. Component\04. Model\01. Material</Filter>
    </ClInclude>
    <ClInclude Include="..\Public\Calculator.h">
      <Filter>01. Utility\05. Component\99. Calculator</Filter>
    </ClInclude>
    <ClInclude Include="..\Public\Bone.h">
      <Filter>01. Utility\05. Component\04. Model\02. Bone</Filter>
    </ClInclude>
    <ClInclude Include="..\Public\Animation.h">
      <Filter>01. Utility\05. Component\04. Model\03. Animation</Filter>
    </ClInclude>
    <ClInclude Include="..\Public\Channel.h">
      <Filter>01. Utility\05. Component\04. Model\03. Animation\00. Channel</Filter>
    </ClInclude>
    <ClInclude Include="..\Public\PartObject.h">
      <Filter>01. Utility\03. GameObject\04. Part Object</Filter>
    </ClInclude>
    <ClInclude Include="..\Public\ContainerObject.h">
      <Filter>01. Utility\03. GameObject\05. Container Object</Filter>
    </ClInclude>
    <ClInclude Include="..\Public\State.h">
      <Filter>01. Utility\05. Component\05. State</Filter>
    </ClInclude>
    <ClInclude Include="..\Public\StateMachine.h">
      <Filter>01. Utility\05. Component\05. State\00. StateMachine</Filter>
    </ClInclude>
  </ItemGroup>
</Project>