<?xml version="1.0" encoding="utf-8"?>
<Project ToolsVersion="4.0" xmlns="http://schemas.microsoft.com/developer/msbuild/2003">
  <ItemGroup>
    <Filter Include="00. Mainapp">
      <UniqueIdentifier>{33ce0938-b157-4d4c-b9c2-1e016d52d917}</UniqueIdentifier>
    </Filter>
    <Filter Include="99. Define">
      <UniqueIdentifier>{1ca1e566-d27e-4ccb-9c00-0f462340f373}</UniqueIdentifier>
    </Filter>
    <Filter Include="98. Default">
      <UniqueIdentifier>{76bf3937-91e5-4ea6-92bf-6a2a794804d5}</UniqueIdentifier>
    </Filter>
    <Filter Include="01. Levels">
      <UniqueIdentifier>{9138d2a9-f6b3-45ec-93f9-a8e0b6b06326}</UniqueIdentifier>
    </Filter>
    <Filter Include="01. Levels\00. Loading">
      <UniqueIdentifier>{7588e629-0403-4bc0-bc85-ba74ae43e26c}</UniqueIdentifier>
    </Filter>
    <Filter Include="01. Levels\01. Logo">
      <UniqueIdentifier>{5663aaa2-389f-47c2-b544-f972153281bf}</UniqueIdentifier>
    </Filter>
    <Filter Include="01. Levels\02. GamePlay">
      <UniqueIdentifier>{4afb2911-80df-4712-9ef4-3542172aeb40}</UniqueIdentifier>
    </Filter>
    <Filter Include="01. Levels\00. Loading\Loader">
      <UniqueIdentifier>{068ebef4-1dd4-4f64-8463-1390a4aee959}</UniqueIdentifier>
    </Filter>
    <Filter Include="02. GameObjects">
      <UniqueIdentifier>{15daa1cb-cd87-4cf3-b8c3-82f1f2d38ae9}</UniqueIdentifier>
    </Filter>
    <Filter Include="02. GameObjects\00. Background">
      <UniqueIdentifier>{5fbf98f5-3cbd-42c1-952d-9d237a29059c}</UniqueIdentifier>
    </Filter>
    <Filter Include="97. ShaderFiles">
      <UniqueIdentifier>{4b55862d-0090-4231-9ffa-db08028f4f61}</UniqueIdentifier>
    </Filter>
    <Filter Include="02. GameObjects\01. Terrain">
      <UniqueIdentifier>{639686cb-6df3-446f-ab56-3b76571a22b2}</UniqueIdentifier>
    </Filter>
    <Filter Include="02. GameObjects\02. Camera">
      <UniqueIdentifier>{356d3394-b567-4f5b-b0a9-1a7187e5bea6}</UniqueIdentifier>
    </Filter>
    <Filter Include="02. GameObjects\03. Monster">
      <UniqueIdentifier>{246edc41-0f31-4d9d-9a1a-cdd4c981ac4c}</UniqueIdentifier>
    </Filter>
    <Filter Include="02. GameObjects\04. Map">
      <UniqueIdentifier>{8fe118d0-9d43-4b79-98ea-4b272f3794e0}</UniqueIdentifier>
    </Filter>
    <Filter Include="02. GameObjects\05. Player">
      <UniqueIdentifier>{008cfe9f-c6ed-4e36-a65e-6de9701e014a}</UniqueIdentifier>
    </Filter>
    <Filter Include="02. GameObjects\05. Player\00. Body">
      <UniqueIdentifier>{3980844c-4a22-4392-81b7-a381a260cc66}</UniqueIdentifier>
    </Filter>
    <Filter Include="02. GameObjects\05. Player\01. Weapon">
      <UniqueIdentifier>{9c63e074-1090-4dee-8225-0cd4ea7c36dd}</UniqueIdentifier>
    </Filter>
    <Filter Include="02. GameObjects\05. Player\99. States">
      <UniqueIdentifier>{3d8c4669-6ca1-4bce-a566-e8b0832ba9dd}</UniqueIdentifier>
    </Filter>
    <Filter Include="02. GameObjects\05. Player\99. States\00. Idle">
      <UniqueIdentifier>{afa4001f-7ec4-4a12-9794-f06481cd178e}</UniqueIdentifier>
    </Filter>
    <Filter Include="02. GameObjects\05. Player\99. States\02. Run">
      <UniqueIdentifier>{1f7e0128-01e7-4268-9394-997549024355}</UniqueIdentifier>
    </Filter>
    <Filter Include="02. GameObjects\05. Player\99. States\03. Roll">
      <UniqueIdentifier>{fba81a55-c7b5-43e4-b43f-8e80aa4371d2}</UniqueIdentifier>
    </Filter>
    <Filter Include="02. GameObjects\05. Player\99. States\04. Guard">
      <UniqueIdentifier>{ba2e6eea-c8c6-45ef-8d24-ab148071687c}</UniqueIdentifier>
    </Filter>
    <Filter Include="02. GameObjects\05. Player\99. States\05. Attack">
      <UniqueIdentifier>{b02db44b-500c-4ca6-bd90-930851dad21a}</UniqueIdentifier>
    </Filter>
    <Filter Include="02. GameObjects\05. Player\02. WeaponCase">
      <UniqueIdentifier>{6c2634a8-2cc1-42a2-99b3-73e60c52d844}</UniqueIdentifier>
    </Filter>
    <Filter Include="02. GameObjects\05. Player\03. Shield">
      <UniqueIdentifier>{5a17ba6a-b691-4c74-9801-767d5209c4ca}</UniqueIdentifier>
    </Filter>
    <Filter Include="02. GameObjects\03. Monster\Hollow">
      <UniqueIdentifier>{d0f4a36e-a6b5-4ae2-9f16-bc8efb27f412}</UniqueIdentifier>
    </Filter>
    <Filter Include="02. GameObjects\03. Monster\Darkwraith">
      <UniqueIdentifier>{aece9d75-6c43-41f9-a175-3ad690accff9}</UniqueIdentifier>
    </Filter>
    <Filter Include="02. GameObjects\03. Monster\Hollow\States">
      <UniqueIdentifier>{211ff8e6-ca73-455f-9d06-b91359b1efcb}</UniqueIdentifier>
    </Filter>
    <Filter Include="02. GameObjects\03. Monster\Darkwraith\States">
      <UniqueIdentifier>{35f8a93c-6556-4014-856b-4f3a96dae785}</UniqueIdentifier>
    </Filter>
    <Filter Include="02. GameObjects\03. Monster\Hollow\States\00. Idle">
      <UniqueIdentifier>{fdf4b7c0-5b7f-4615-9a85-a4fe30370238}</UniqueIdentifier>
    </Filter>
    <Filter Include="02. GameObjects\03. Monster\Hollow\States\01. Walk">
      <UniqueIdentifier>{2e1251d1-9512-4203-9da4-30bcb7eeab0a}</UniqueIdentifier>
    </Filter>
    <Filter Include="02. GameObjects\03. Monster\Hollow\States\02. Damaged">
      <UniqueIdentifier>{b69ac9d6-c295-44a6-8f8d-b1e6e1daa1a1}</UniqueIdentifier>
    </Filter>
    <Filter Include="02. GameObjects\03. Monster\Hollow\States\03. Death">
      <UniqueIdentifier>{ceeb7790-9cd6-479b-8b1e-e9ba1d3e05c3}</UniqueIdentifier>
    </Filter>
    <Filter Include="02. GameObjects\03. Monster\Hollow\States\04. Attack">
      <UniqueIdentifier>{1a55a532-bd89-4a36-beb2-c9092bca9367}</UniqueIdentifier>
    </Filter>
    <Filter Include="02. GameObjects\03. Monster\Darkwraith\States\00. Idle">
      <UniqueIdentifier>{0dfe979d-9db1-4359-883e-6196c9384479}</UniqueIdentifier>
    </Filter>
    <Filter Include="02. GameObjects\03. Monster\Hollow\States\05. Recoil">
      <UniqueIdentifier>{3dc73f1b-9e15-4537-8bbb-cc87f9df64f9}</UniqueIdentifier>
    </Filter>
    <Filter Include="02. GameObjects\03. Monster\Darkwraith\States\01. Walk">
      <UniqueIdentifier>{e937e12a-0ba0-4045-8528-423253de2640}</UniqueIdentifier>
    </Filter>
    <Filter Include="02. GameObjects\03. Monster\Darkwraith\States\02. Damaged">
      <UniqueIdentifier>{b34f0e3c-fda0-4721-86cb-f3acbca8fa57}</UniqueIdentifier>
    </Filter>
    <Filter Include="02. GameObjects\03. Monster\Darkwraith\States\03. Death">
      <UniqueIdentifier>{3ec62626-3fdc-4a35-b1a0-2b816cd73770}</UniqueIdentifier>
    </Filter>
    <Filter Include="02. GameObjects\03. Monster\Darkwraith\States\04. Attack">
      <UniqueIdentifier>{1b217cb4-fc1c-452e-989b-1c08741f3729}</UniqueIdentifier>
    </Filter>
    <Filter Include="02. GameObjects\03. Monster\Darkwraith\00. Weapon">
      <UniqueIdentifier>{04512931-fb5e-46ac-bf87-9c41cc93873d}</UniqueIdentifier>
    </Filter>
    <Filter Include="02. GameObjects\05. Player\99. States\01. Walk">
      <UniqueIdentifier>{d2949763-bf27-4f18-9ac6-4029167ae352}</UniqueIdentifier>
    </Filter>
    <Filter Include="02. GameObjects\05. Player\99. States\06. Damaged">
      <UniqueIdentifier>{3252e67f-113e-4465-8f0a-dd6db9fca39f}</UniqueIdentifier>
    </Filter>
    <Filter Include="02. GameObjects\05. Player\99. States\04. Guard\Recoil">
      <UniqueIdentifier>{683eaff6-42c3-4070-ad6a-1a0d12858383}</UniqueIdentifier>
    </Filter>
  </ItemGroup>
  <ItemGroup>
    <ClInclude Include="Client.h">
      <Filter>98. Default</Filter>
    </ClInclude>
    <ClInclude Include="framework.h">
      <Filter>98. Default</Filter>
    </ClInclude>
    <ClInclude Include="Resource.h">
      <Filter>98. Default</Filter>
    </ClInclude>
    <ClInclude Include="targetver.h">
      <Filter>98. Default</Filter>
    </ClInclude>
    <ClInclude Include="..\Public\Client_Defines.h">
      <Filter>99. Define</Filter>
    </ClInclude>
    <ClInclude Include="..\Public\MainApp.h">
      <Filter>00. Mainapp</Filter>
    </ClInclude>
    <ClInclude Include="..\Public\Level_Loading.h">
      <Filter>01. Levels\00. Loading</Filter>
    </ClInclude>
    <ClInclude Include="..\Public\Loader.h">
      <Filter>01. Levels\00. Loading\Loader</Filter>
    </ClInclude>
    <ClInclude Include="..\Public\Level_Logo.h">
      <Filter>01. Levels\01. Logo</Filter>
    </ClInclude>
    <ClInclude Include="..\Public\Level_GamePlay.h">
      <Filter>01. Levels\02. GamePlay</Filter>
    </ClInclude>
    <ClInclude Include="..\Public\Background.h">
      <Filter>02. GameObjects\00. Background</Filter>
    </ClInclude>
    <ClInclude Include="..\Public\Terrain.h">
      <Filter>02. GameObjects\01. Terrain</Filter>
    </ClInclude>
    <ClInclude Include="..\Public\Camera_Free.h">
      <Filter>02. GameObjects\02. Camera</Filter>
    </ClInclude>
    <ClInclude Include="..\Public\Map.h">
      <Filter>02. GameObjects\04. Map</Filter>
    </ClInclude>
    <ClInclude Include="..\Public\Body.h">
      <Filter>02. GameObjects\05. Player\00. Body</Filter>
    </ClInclude>
    <ClInclude Include="..\Public\Player.h">
      <Filter>02. GameObjects\05. Player</Filter>
    </ClInclude>
    <ClInclude Include="..\Public\Player_Idle.h">
      <Filter>02. GameObjects\05. Player\99. States\00. Idle</Filter>
    </ClInclude>
    <ClInclude Include="..\Public\Player_Walk.h">
      <Filter>02. GameObjects\05. Player\99. States\01. Walk</Filter>
    </ClInclude>
    <ClInclude Include="..\Public\Player_Run.h">
      <Filter>02. GameObjects\05. Player\99. States\02. Run</Filter>
    </ClInclude>
    <ClInclude Include="..\Public\Player_Roll.h">
      <Filter>02. GameObjects\05. Player\99. States\03. Roll</Filter>
    </ClInclude>
    <ClInclude Include="..\Public\Player_Guard.h">
      <Filter>02. GameObjects\05. Player\99. States\04. Guard</Filter>
    </ClInclude>
    <ClInclude Include="..\Public\Player_Attack.h">
      <Filter>02. GameObjects\05. Player\99. States\05. Attack</Filter>
    </ClInclude>
    <ClInclude Include="..\Public\Weapon.h">
      <Filter>02. GameObjects\05. Player\01. Weapon</Filter>
    </ClInclude>
    <ClInclude Include="..\Public\WeaponCase.h">
      <Filter>02. GameObjects\05. Player\02. WeaponCase</Filter>
    </ClInclude>
    <ClInclude Include="..\Public\Shield.h">
      <Filter>02. GameObjects\05. Player\03. Shield</Filter>
    </ClInclude>
    <ClInclude Include="..\Public\Monster_Darkwraith.h">
      <Filter>02. GameObjects\03. Monster\Darkwraith</Filter>
    </ClInclude>
    <ClInclude Include="..\Public\Monster_Hollow.h">
      <Filter>02. GameObjects\03. Monster\Hollow</Filter>
    </ClInclude>
    <ClInclude Include="..\Public\Darkwraith_Idle.h">
      <Filter>02. GameObjects\03. Monster\Darkwraith\States\00. Idle</Filter>
    </ClInclude>
    <ClInclude Include="..\Public\Darkwraith_Walk.h">
      <Filter>02. GameObjects\03. Monster\Darkwraith\States\01. Walk</Filter>
    </ClInclude>
    <ClInclude Include="..\Public\Darkwraith_Attack.h">
      <Filter>02. GameObjects\03. Monster\Darkwraith\States\04. Attack</Filter>
    </ClInclude>
    <ClInclude Include="..\Public\Weapon_Darkwraith.h">
      <Filter>02. GameObjects\03. Monster\Darkwraith\00. Weapon</Filter>
    </ClInclude>
    <ClInclude Include="..\Public\Darkwraith_Damaged.h">
      <Filter>02. GameObjects\03. Monster\Darkwraith\States\02. Damaged</Filter>
    </ClInclude>
    <ClInclude Include="..\Public\Player_Damaged.h">
      <Filter>02. GameObjects\05. Player\99. States\06. Damaged</Filter>
    </ClInclude>
    <ClInclude Include="..\Public\Player_Recoil.h">
      <Filter>02. GameObjects\05. Player\99. States\04. Guard\Recoil</Filter>
    </ClInclude>
  </ItemGroup>
  <ItemGroup>
    <Image Include="small.ico">
      <Filter>98. Default</Filter>
    </Image>
    <Image Include="Client.ico">
      <Filter>98. Default</Filter>
    </Image>
  </ItemGroup>
  <ItemGroup>
    <ResourceCompile Include="Client.rc">
      <Filter>98. Default</Filter>
    </ResourceCompile>
  </ItemGroup>
  <ItemGroup>
    <ClCompile Include="Client.cpp">
      <Filter>98. Default</Filter>
    </ClCompile>
    <ClCompile Include="..\Private\MainApp.cpp">
      <Filter>00. Mainapp</Filter>
    </ClCompile>
    <ClCompile Include="..\Private\Level_Loading.cpp">
      <Filter>01. Levels\00. Loading</Filter>
    </ClCompile>
    <ClCompile Include="..\Private\Loader.cpp">
      <Filter>01. Levels\00. Loading\Loader</Filter>
    </ClCompile>
    <ClCompile Include="..\Private\Level_Logo.cpp">
      <Filter>01. Levels\01. Logo</Filter>
    </ClCompile>
    <ClCompile Include="..\Private\Level_GamePlay.cpp">
      <Filter>01. Levels\02. GamePlay</Filter>
    </ClCompile>
    <ClCompile Include="..\Private\Background.cpp">
      <Filter>02. GameObjects\00. Background</Filter>
    </ClCompile>
    <ClCompile Include="..\Private\Terrain.cpp">
      <Filter>02. GameObjects\01. Terrain</Filter>
    </ClCompile>
    <ClCompile Include="..\Private\Camera_Free.cpp">
      <Filter>02. GameObjects\02. Camera</Filter>
    </ClCompile>
    <ClCompile Include="..\Private\Map.cpp">
      <Filter>02. GameObjects\04. Map</Filter>
    </ClCompile>
    <ClCompile Include="..\Private\Body.cpp">
      <Filter>02. GameObjects\05. Player\00. Body</Filter>
    </ClCompile>
    <ClCompile Include="..\Private\Player.cpp">
      <Filter>02. GameObjects\05. Player</Filter>
    </ClCompile>
    <ClCompile Include="..\Private\Player_Idle.cpp">
      <Filter>02. GameObjects\05. Player\99. States\00. Idle</Filter>
    </ClCompile>
    <ClCompile Include="..\Private\Player_Walk.cpp">
      <Filter>02. GameObjects\05. Player\99. States\01. Walk</Filter>
    </ClCompile>
    <ClCompile Include="..\Private\Player_Run.cpp">
      <Filter>02. GameObjects\05. Player\99. States\02. Run</Filter>
    </ClCompile>
    <ClCompile Include="..\Private\Player_Roll.cpp">
      <Filter>02. GameObjects\05. Player\99. States\03. Roll</Filter>
    </ClCompile>
    <ClCompile Include="..\Private\Player_Guard.cpp">
      <Filter>02. GameObjects\05. Player\99. States\04. Guard</Filter>
    </ClCompile>
    <ClCompile Include="..\Private\Player_Attack.cpp">
      <Filter>02. GameObjects\05. Player\99. States\05. Attack</Filter>
    </ClCompile>
    <ClCompile Include="..\Private\Weapon.cpp">
      <Filter>02. GameObjects\05. Player\01. Weapon</Filter>
    </ClCompile>
    <ClCompile Include="..\Private\WeaponCase.cpp">
      <Filter>02. GameObjects\05. Player\02. WeaponCase</Filter>
    </ClCompile>
    <ClCompile Include="..\Private\Shield.cpp">
      <Filter>02. GameObjects\05. Player\03. Shield</Filter>
    </ClCompile>
    <ClCompile Include="..\Private\Monster_Darkwraith.cpp">
      <Filter>02. GameObjects\03. Monster\Darkwraith</Filter>
    </ClCompile>
    <ClCompile Include="..\Private\Monster_Hollow.cpp">
      <Filter>02. GameObjects\03. Monster\Hollow</Filter>
    </ClCompile>
    <ClCompile Include="..\Private\Darkwraith_Idle.cpp">
      <Filter>02. GameObjects\03. Monster\Darkwraith\States\00. Idle</Filter>
    </ClCompile>
    <ClCompile Include="..\Private\Darkwraith_Walk.cpp">
      <Filter>02. GameObjects\03. Monster\Darkwraith\States\01. Walk</Filter>
    </ClCompile>
    <ClCompile Include="..\Private\Darkwraith_Attack.cpp">
      <Filter>02. GameObjects\03. Monster\Darkwraith\States\04. Attack</Filter>
    </ClCompile>
    <ClCompile Include="..\Private\Weapon_Darkwraith.cpp">
      <Filter>02. GameObjects\03. Monster\Darkwraith\00. Weapon</Filter>
    </ClCompile>
    <ClCompile Include="..\Private\Darkwraith_Damaged.cpp">
      <Filter>02. GameObjects\03. Monster\Darkwraith\States\02. Damaged</Filter>
    </ClCompile>
    <ClCompile Include="..\Private\Player_Damaged.cpp">
      <Filter>02. GameObjects\05. Player\99. States\06. Damaged</Filter>
    </ClCompile>
    <ClCompile Include="..\Private\Player_Recoil.cpp">
      <Filter>02. GameObjects\05. Player\99. States\04. Guard\Recoil</Filter>
    </ClCompile>
  </ItemGroup>
  <ItemGroup>
    <FxCompile Include="..\Bin\ShaderFiles\Shader_VtxPosTex.hlsl">
      <Filter>97. ShaderFiles</Filter>
    </FxCompile>
    <FxCompile Include="..\Bin\ShaderFiles\Shader_VtxNorTex.hlsl">
      <Filter>97. ShaderFiles</Filter>
    </FxCompile>
    <FxCompile Include="..\Bin\ShaderFiles\Shader_VtxMesh.hlsl">
      <Filter>97. ShaderFiles</Filter>
    </FxCompile>
    <FxCompile Include="..\Bin\ShaderFiles\Shader_VtxAnimMesh.hlsl">
      <Filter>97. ShaderFiles</Filter>
    </FxCompile>
  </ItemGroup>
</Project>