<?xml version="1.0" encoding="utf-8"?>
<Project ToolsVersion="4.0" xmlns="http://schemas.microsoft.com/developer/msbuild/2003">
  <ItemGroup>
    <Filter Include="00. Mainapp">
      <UniqueIdentifier>{33ce0938-b157-4d4c-b9c2-1e016d52d917}</UniqueIdentifier>
    </Filter>
    <Filter Include="99. Define">
      <UniqueIdentifier>{1ca1e566-d27e-4ccb-9c00-0f462340f373}</UniqueIdentifier>
    </Filter>
    <Filter Include="98. Default">
      <UniqueIdentifier>{76bf3937-91e5-4ea6-92bf-6a2a794804d5}</UniqueIdentifier>
    </Filter>
    <Filter Include="01. Levels">
      <UniqueIdentifier>{9138d2a9-f6b3-45ec-93f9-a8e0b6b06326}</UniqueIdentifier>
    </Filter>
    <Filter Include="01. Levels\00. Loading">
      <UniqueIdentifier>{7588e629-0403-4bc0-bc85-ba74ae43e26c}</UniqueIdentifier>
    </Filter>
    <Filter Include="01. Levels\01. Logo">
      <UniqueIdentifier>{5663aaa2-389f-47c2-b544-f972153281bf}</UniqueIdentifier>
    </Filter>
    <Filter Include="01. Levels\02. GamePlay">
      <UniqueIdentifier>{4afb2911-80df-4712-9ef4-3542172aeb40}</UniqueIdentifier>
    </Filter>
    <Filter Include="01. Levels\00. Loading\Loader">
      <UniqueIdentifier>{068ebef4-1dd4-4f64-8463-1390a4aee959}</UniqueIdentifier>
    </Filter>
    <Filter Include="02. GameObjects">
      <UniqueIdentifier>{15daa1cb-cd87-4cf3-b8c3-82f1f2d38ae9}</UniqueIdentifier>
    </Filter>
    <Filter Include="02. GameObjects\00. Background">
      <UniqueIdentifier>{5fbf98f5-3cbd-42c1-952d-9d237a29059c}</UniqueIdentifier>
    </Filter>
    <Filter Include="97. ShaderFiles">
      <UniqueIdentifier>{4b55862d-0090-4231-9ffa-db08028f4f61}</UniqueIdentifier>
    </Filter>
    <Filter Include="02. GameObjects\01. Terrain">
      <UniqueIdentifier>{639686cb-6df3-446f-ab56-3b76571a22b2}</UniqueIdentifier>
    </Filter>
    <Filter Include="02. GameObjects\02. Camera">
      <UniqueIdentifier>{356d3394-b567-4f5b-b0a9-1a7187e5bea6}</UniqueIdentifier>
    </Filter>
    <Filter Include="02. GameObjects\03. Monster">
      <UniqueIdentifier>{246edc41-0f31-4d9d-9a1a-cdd4c981ac4c}</UniqueIdentifier>
    </Filter>
    <Filter Include="02. GameObjects\04. Map">
      <UniqueIdentifier>{8fe118d0-9d43-4b79-98ea-4b272f3794e0}</UniqueIdentifier>
    </Filter>
    <Filter Include="02. GameObjects\05. Player">
      <UniqueIdentifier>{008cfe9f-c6ed-4e36-a65e-6de9701e014a}</UniqueIdentifier>
    </Filter>
    <Filter Include="02. GameObjects\05. Player\00. Body">
      <UniqueIdentifier>{3980844c-4a22-4392-81b7-a381a260cc66}</UniqueIdentifier>
    </Filter>
    <Filter Include="02. GameObjects\05. Player\01. Weapon">
      <UniqueIdentifier>{9c63e074-1090-4dee-8225-0cd4ea7c36dd}</UniqueIdentifier>
    </Filter>
  </ItemGroup>
  <ItemGroup>
    <ClInclude Include="Client.h">
      <Filter>98. Default</Filter>
    </ClInclude>
    <ClInclude Include="framework.h">
      <Filter>98. Default</Filter>
    </ClInclude>
    <ClInclude Include="Resource.h">
      <Filter>98. Default</Filter>
    </ClInclude>
    <ClInclude Include="targetver.h">
      <Filter>98. Default</Filter>
    </ClInclude>
    <ClInclude Include="..\Public\Client_Defines.h">
      <Filter>99. Define</Filter>
    </ClInclude>
    <ClInclude Include="..\Public\MainApp.h">
      <Filter>00. Mainapp</Filter>
    </ClInclude>
    <ClInclude Include="..\Public\Level_Loading.h">
      <Filter>01. Levels\00. Loading</Filter>
    </ClInclude>
    <ClInclude Include="..\Public\Loader.h">
      <Filter>01. Levels\00. Loading\Loader</Filter>
    </ClInclude>
    <ClInclude Include="..\Public\Level_Logo.h">
      <Filter>01. Levels\01. Logo</Filter>
    </ClInclude>
    <ClInclude Include="..\Public\Level_GamePlay.h">
      <Filter>01. Levels\02. GamePlay</Filter>
    </ClInclude>
    <ClInclude Include="..\Public\Background.h">
      <Filter>02. GameObjects\00. Background</Filter>
    </ClInclude>
    <ClInclude Include="..\Public\Terrain.h">
      <Filter>02. GameObjects\01. Terrain</Filter>
    </ClInclude>
    <ClInclude Include="..\Public\Camera_Free.h">
      <Filter>02. GameObjects\02. Camera</Filter>
    </ClInclude>
    <ClInclude Include="..\Public\Monster.h">
      <Filter>02. GameObjects\03. Monster</Filter>
    </ClInclude>
    <ClInclude Include="..\Public\Map.h">
      <Filter>02. GameObjects\04. Map</Filter>
    </ClInclude>
    <ClInclude Include="..\Public\Body.h">
      <Filter>02. GameObjects\05. Player\00. Body</Filter>
    </ClInclude>
    <ClInclude Include="..\Public\Player.h">
      <Filter>02. GameObjects\05. Player</Filter>
    </ClInclude>
  </ItemGroup>
  <ItemGroup>
    <Image Include="small.ico">
      <Filter>98. Default</Filter>
    </Image>
    <Image Include="Client.ico">
      <Filter>98. Default</Filter>
    </Image>
  </ItemGroup>
  <ItemGroup>
    <ResourceCompile Include="Client.rc">
      <Filter>98. Default</Filter>
    </ResourceCompile>
  </ItemGroup>
  <ItemGroup>
    <ClCompile Include="Client.cpp">
      <Filter>98. Default</Filter>
    </ClCompile>
    <ClCompile Include="..\Private\MainApp.cpp">
      <Filter>00. Mainapp</Filter>
    </ClCompile>
    <ClCompile Include="..\Private\Level_Loading.cpp">
      <Filter>01. Levels\00. Loading</Filter>
    </ClCompile>
    <ClCompile Include="..\Private\Loader.cpp">
      <Filter>01. Levels\00. Loading\Loader</Filter>
    </ClCompile>
    <ClCompile Include="..\Private\Level_Logo.cpp">
      <Filter>01. Levels\01. Logo</Filter>
    </ClCompile>
    <ClCompile Include="..\Private\Level_GamePlay.cpp">
      <Filter>01. Levels\02. GamePlay</Filter>
    </ClCompile>
    <ClCompile Include="..\Private\Background.cpp">
      <Filter>02. GameObjects\00. Background</Filter>
    </ClCompile>
    <ClCompile Include="..\Private\Terrain.cpp">
      <Filter>02. GameObjects\01. Terrain</Filter>
    </ClCompile>
    <ClCompile Include="..\Private\Camera_Free.cpp">
      <Filter>02. GameObjects\02. Camera</Filter>
    </ClCompile>
    <ClCompile Include="..\Private\Monster.cpp">
      <Filter>02. GameObjects\03. Monster</Filter>
    </ClCompile>
    <ClCompile Include="..\Private\Map.cpp">
      <Filter>02. GameObjects\04. Map</Filter>
    </ClCompile>
    <ClCompile Include="..\Private\Body.cpp">
      <Filter>02. GameObjects\05. Player\00. Body</Filter>
    </ClCompile>
    <ClCompile Include="..\Private\Player.cpp">
      <Filter>02. GameObjects\05. Player</Filter>
    </ClCompile>
  </ItemGroup>
  <ItemGroup>
    <FxCompile Include="..\Bin\ShaderFiles\Shader_VtxPosTex.hlsl">
      <Filter>97. ShaderFiles</Filter>
    </FxCompile>
    <FxCompile Include="..\Bin\ShaderFiles\Shader_VtxNorTex.hlsl">
      <Filter>97. ShaderFiles</Filter>
    </FxCompile>
    <FxCompile Include="..\Bin\ShaderFiles\Shader_VtxMesh.hlsl">
      <Filter>97. ShaderFiles</Filter>
    </FxCompile>
    <FxCompile Include="..\Bin\ShaderFiles\Shader_VtxAnimMesh.hlsl">
      <Filter>97. ShaderFiles</Filter>
    </FxCompile>
  </ItemGroup>
</Project>