<?xml version="1.0" encoding="utf-8"?>
<Project ToolsVersion="4.0" xmlns="http://schemas.microsoft.com/developer/msbuild/2003">
  <ItemGroup>
    <Filter Include="00. Mainapp">
      <UniqueIdentifier>{33ce0938-b157-4d4c-b9c2-1e016d52d917}</UniqueIdentifier>
    </Filter>
    <Filter Include="99. Define">
      <UniqueIdentifier>{1ca1e566-d27e-4ccb-9c00-0f462340f373}</UniqueIdentifier>
    </Filter>
    <Filter Include="98. Default">
      <UniqueIdentifier>{76bf3937-91e5-4ea6-92bf-6a2a794804d5}</UniqueIdentifier>
    </Filter>
    <Filter Include="01. Levels">
      <UniqueIdentifier>{9138d2a9-f6b3-45ec-93f9-a8e0b6b06326}</UniqueIdentifier>
    </Filter>
    <Filter Include="01. Levels\00. Loading">
      <UniqueIdentifier>{7588e629-0403-4bc0-bc85-ba74ae43e26c}</UniqueIdentifier>
    </Filter>
    <Filter Include="01. Levels\01. Logo">
      <UniqueIdentifier>{5663aaa2-389f-47c2-b544-f972153281bf}</UniqueIdentifier>
    </Filter>
    <Filter Include="01. Levels\02. GamePlay">
      <UniqueIdentifier>{4afb2911-80df-4712-9ef4-3542172aeb40}</UniqueIdentifier>
    </Filter>
    <Filter Include="01. Levels\00. Loading\Loader">
      <UniqueIdentifier>{068ebef4-1dd4-4f64-8463-1390a4aee959}</UniqueIdentifier>
    </Filter>
    <Filter Include="02. GameObjects">
      <UniqueIdentifier>{15daa1cb-cd87-4cf3-b8c3-82f1f2d38ae9}</UniqueIdentifier>
    </Filter>
    <Filter Include="97. ShaderFiles">
      <UniqueIdentifier>{4b55862d-0090-4231-9ffa-db08028f4f61}</UniqueIdentifier>
    </Filter>
    <Filter Include="02. GameObjects\03. Monster">
      <UniqueIdentifier>{246edc41-0f31-4d9d-9a1a-cdd4c981ac4c}</UniqueIdentifier>
    </Filter>
    <Filter Include="02. GameObjects\03. Monster\Hollow">
      <UniqueIdentifier>{d0f4a36e-a6b5-4ae2-9f16-bc8efb27f412}</UniqueIdentifier>
    </Filter>
    <Filter Include="02. GameObjects\03. Monster\Darkwraith">
      <UniqueIdentifier>{aece9d75-6c43-41f9-a175-3ad690accff9}</UniqueIdentifier>
    </Filter>
    <Filter Include="02. GameObjects\03. Monster\Hollow\States">
      <UniqueIdentifier>{211ff8e6-ca73-455f-9d06-b91359b1efcb}</UniqueIdentifier>
    </Filter>
    <Filter Include="02. GameObjects\03. Monster\Darkwraith\States">
      <UniqueIdentifier>{35f8a93c-6556-4014-856b-4f3a96dae785}</UniqueIdentifier>
    </Filter>
    <Filter Include="02. GameObjects\03. Monster\Hollow\States\00. Idle">
      <UniqueIdentifier>{fdf4b7c0-5b7f-4615-9a85-a4fe30370238}</UniqueIdentifier>
    </Filter>
    <Filter Include="02. GameObjects\03. Monster\Hollow\States\01. Walk">
      <UniqueIdentifier>{2e1251d1-9512-4203-9da4-30bcb7eeab0a}</UniqueIdentifier>
    </Filter>
    <Filter Include="02. GameObjects\03. Monster\Hollow\States\02. Damaged">
      <UniqueIdentifier>{b69ac9d6-c295-44a6-8f8d-b1e6e1daa1a1}</UniqueIdentifier>
    </Filter>
    <Filter Include="02. GameObjects\03. Monster\Hollow\States\03. Death">
      <UniqueIdentifier>{ceeb7790-9cd6-479b-8b1e-e9ba1d3e05c3}</UniqueIdentifier>
    </Filter>
    <Filter Include="02. GameObjects\03. Monster\Hollow\States\04. Attack">
      <UniqueIdentifier>{1a55a532-bd89-4a36-beb2-c9092bca9367}</UniqueIdentifier>
    </Filter>
    <Filter Include="02. GameObjects\03. Monster\Darkwraith\States\00. Idle">
      <UniqueIdentifier>{0dfe979d-9db1-4359-883e-6196c9384479}</UniqueIdentifier>
    </Filter>
    <Filter Include="02. GameObjects\03. Monster\Darkwraith\States\01. Walk">
      <UniqueIdentifier>{e937e12a-0ba0-4045-8528-423253de2640}</UniqueIdentifier>
    </Filter>
    <Filter Include="02. GameObjects\03. Monster\Darkwraith\States\02. Damaged">
      <UniqueIdentifier>{b34f0e3c-fda0-4721-86cb-f3acbca8fa57}</UniqueIdentifier>
    </Filter>
    <Filter Include="02. GameObjects\03. Monster\Darkwraith\States\03. Death">
      <UniqueIdentifier>{3ec62626-3fdc-4a35-b1a0-2b816cd73770}</UniqueIdentifier>
    </Filter>
    <Filter Include="02. GameObjects\03. Monster\Darkwraith\States\04. Attack">
      <UniqueIdentifier>{1b217cb4-fc1c-452e-989b-1c08741f3729}</UniqueIdentifier>
    </Filter>
    <Filter Include="02. GameObjects\03. Monster\Boss">
      <UniqueIdentifier>{f123c87b-961a-4c90-8809-cea37aac6bb9}</UniqueIdentifier>
    </Filter>
    <Filter Include="02. GameObjects\03. Monster\Boss\Weapon">
      <UniqueIdentifier>{c95a43d4-3282-4894-a621-17473aec952b}</UniqueIdentifier>
    </Filter>
    <Filter Include="02. GameObjects\03. Monster\Boss\States">
      <UniqueIdentifier>{8950d182-42c5-4172-968b-4cc63936bd9f}</UniqueIdentifier>
    </Filter>
    <Filter Include="02. GameObjects\03. Monster\Darkwraith\Weapon">
      <UniqueIdentifier>{04512931-fb5e-46ac-bf87-9c41cc93873d}</UniqueIdentifier>
    </Filter>
    <Filter Include="02. GameObjects\03. Monster\Boss\States\01. Walk">
      <UniqueIdentifier>{8b1af9ff-065b-4c60-a4d2-fb0c46883699}</UniqueIdentifier>
    </Filter>
    <Filter Include="02. GameObjects\03. Monster\Boss\States\00. Idle">
      <UniqueIdentifier>{cad5b5ba-2c0b-4619-be85-5969d9915ea9}</UniqueIdentifier>
    </Filter>
    <Filter Include="02. GameObjects\03. Monster\Boss\States\02. Backstep">
      <UniqueIdentifier>{f1adc9d3-1020-4a9f-91b7-f52831e403e0}</UniqueIdentifier>
    </Filter>
    <Filter Include="02. GameObjects\03. Monster\Boss\States\03. Death">
      <UniqueIdentifier>{a98e0709-e109-4aa3-897e-e2d56f53dd84}</UniqueIdentifier>
    </Filter>
    <Filter Include="02. GameObjects\03. Monster\Boss\States\04. Attack">
      <UniqueIdentifier>{acbe0bfb-ccee-470f-b629-246976acd539}</UniqueIdentifier>
    </Filter>
    <Filter Include="02. GameObjects\03. Monster\Boss\States\05. DashAttack">
      <UniqueIdentifier>{b69b921c-a121-4727-bf0a-6fd0f6ce86b0}</UniqueIdentifier>
    </Filter>
    <Filter Include="02. GameObjects\03. Monster\Boss\States\06. FlyAttack">
      <UniqueIdentifier>{aea6a3a3-d827-40e1-a3c8-71896b94065e}</UniqueIdentifier>
    </Filter>
    <Filter Include="02. GameObjects\03. Monster\Boss\FlyCollider">
      <UniqueIdentifier>{9fe7e170-60fe-4170-b5b5-ae6ff6f3eacb}</UniqueIdentifier>
    </Filter>
    <Filter Include="02. GameObjects\03. Monster\Hollow\Weapon">
      <UniqueIdentifier>{289b7506-91b6-4ecb-9bbe-bf5c85d47ff6}</UniqueIdentifier>
    </Filter>
    <Filter Include="02. GameObjects\02. Player">
      <UniqueIdentifier>{008cfe9f-c6ed-4e36-a65e-6de9701e014a}</UniqueIdentifier>
    </Filter>
    <Filter Include="02. GameObjects\02. Player\00. Body">
      <UniqueIdentifier>{3980844c-4a22-4392-81b7-a381a260cc66}</UniqueIdentifier>
    </Filter>
    <Filter Include="02. GameObjects\02. Player\01. Weapon">
      <UniqueIdentifier>{9c63e074-1090-4dee-8225-0cd4ea7c36dd}</UniqueIdentifier>
    </Filter>
    <Filter Include="02. GameObjects\02. Player\99. States">
      <UniqueIdentifier>{3d8c4669-6ca1-4bce-a566-e8b0832ba9dd}</UniqueIdentifier>
    </Filter>
    <Filter Include="02. GameObjects\02. Player\99. States\00. Idle">
      <UniqueIdentifier>{afa4001f-7ec4-4a12-9794-f06481cd178e}</UniqueIdentifier>
    </Filter>
    <Filter Include="02. GameObjects\02. Player\99. States\02. Run">
      <UniqueIdentifier>{1f7e0128-01e7-4268-9394-997549024355}</UniqueIdentifier>
    </Filter>
    <Filter Include="02. GameObjects\02. Player\99. States\03. Roll">
      <UniqueIdentifier>{fba81a55-c7b5-43e4-b43f-8e80aa4371d2}</UniqueIdentifier>
    </Filter>
    <Filter Include="02. GameObjects\02. Player\99. States\04. Guard">
      <UniqueIdentifier>{ba2e6eea-c8c6-45ef-8d24-ab148071687c}</UniqueIdentifier>
    </Filter>
    <Filter Include="02. GameObjects\02. Player\99. States\04. Guard\Recoil">
      <UniqueIdentifier>{683eaff6-42c3-4070-ad6a-1a0d12858383}</UniqueIdentifier>
    </Filter>
    <Filter Include="02. GameObjects\02. Player\99. States\05. Attack">
      <UniqueIdentifier>{b02db44b-500c-4ca6-bd90-930851dad21a}</UniqueIdentifier>
    </Filter>
    <Filter Include="02. GameObjects\02. Player\99. States\01. Walk">
      <UniqueIdentifier>{d2949763-bf27-4f18-9ac6-4029167ae352}</UniqueIdentifier>
    </Filter>
    <Filter Include="02. GameObjects\02. Player\99. States\06. Damaged">
      <UniqueIdentifier>{3252e67f-113e-4465-8f0a-dd6db9fca39f}</UniqueIdentifier>
    </Filter>
    <Filter Include="02. GameObjects\02. Player\99. States\07. Death">
      <UniqueIdentifier>{ae8f50c8-b72f-4cf3-b2c5-82d8d77a9f4e}</UniqueIdentifier>
    </Filter>
    <Filter Include="02. GameObjects\02. Player\99. States\08. Heal">
      <UniqueIdentifier>{be3b79a9-bcc0-466c-ad4f-7075f7e952ba}</UniqueIdentifier>
    </Filter>
    <Filter Include="02. GameObjects\02. Player\02. WeaponCase">
      <UniqueIdentifier>{6c2634a8-2cc1-42a2-99b3-73e60c52d844}</UniqueIdentifier>
    </Filter>
    <Filter Include="02. GameObjects\02. Player\03. Shield">
      <UniqueIdentifier>{5a17ba6a-b691-4c74-9801-767d5209c4ca}</UniqueIdentifier>
    </Filter>
    <Filter Include="02. GameObjects\02. Player\04. Camera">
      <UniqueIdentifier>{8894e342-72de-4129-8c8d-614abab2ba6e}</UniqueIdentifier>
    </Filter>
    <Filter Include="02. GameObjects\02. Player\05. Estus Flask">
      <UniqueIdentifier>{65ee6c5e-0cd6-45fd-a924-8ba739fbd8e1}</UniqueIdentifier>
    </Filter>
    <Filter Include="02. GameObjects\01. Map">
      <UniqueIdentifier>{8fe118d0-9d43-4b79-98ea-4b272f3794e0}</UniqueIdentifier>
    </Filter>
    <Filter Include="02. GameObjects\00. UI">
      <UniqueIdentifier>{5fbf98f5-3cbd-42c1-952d-9d237a29059c}</UniqueIdentifier>
    </Filter>
    <Filter Include="02. GameObjects\00. UI\00. MainMenu">
      <UniqueIdentifier>{31b8bcb3-99c0-4cc2-a865-dba2804528c5}</UniqueIdentifier>
    </Filter>
    <Filter Include="02. GameObjects\01. Map\Fog">
      <UniqueIdentifier>{c9366696-7f52-4f76-9db4-5ba9b2b7724b}</UniqueIdentifier>
    </Filter>
    <Filter Include="02. GameObjects\01. Map\Mountain">
      <UniqueIdentifier>{4f911886-d007-4cad-bce8-4997a2686e37}</UniqueIdentifier>
    </Filter>
    <Filter Include="02. GameObjects\01. Map\Sky">
      <UniqueIdentifier>{0d6bc836-e91d-4d80-b041-f814bd43686f}</UniqueIdentifier>
    </Filter>
    <Filter Include="02. GameObjects\01. Map\Map1">
      <UniqueIdentifier>{592e9214-7c6e-4715-a382-12c57b8c95b5}</UniqueIdentifier>
    </Filter>
    <Filter Include="02. GameObjects\01. Map\Map2">
      <UniqueIdentifier>{81a3fea0-e4b2-439a-bd5a-9e704ec67ec0}</UniqueIdentifier>
    </Filter>
    <Filter Include="02. GameObjects\01. Map\Map3">
      <UniqueIdentifier>{cbafe02f-ada4-4ebd-893d-9d18e55f86a7}</UniqueIdentifier>
    </Filter>
    <Filter Include="02. GameObjects\01. Map\Map4">
      <UniqueIdentifier>{f7d92fe2-04c6-44fe-b06c-cfab5e66b14a}</UniqueIdentifier>
    </Filter>
    <Filter Include="02. GameObjects\00. UI\01. PlayerSlot">
      <UniqueIdentifier>{33fd12ad-717a-40ac-913d-30fb3cbada60}</UniqueIdentifier>
    </Filter>
    <Filter Include="02. GameObjects\00. UI\01. PlayerSlot\Estus">
      <UniqueIdentifier>{3605ecd3-d4f5-48ed-8812-c784be2a6084}</UniqueIdentifier>
    </Filter>
    <Filter Include="02. GameObjects\00. UI\01. PlayerSlot\Weapon">
      <UniqueIdentifier>{4cd84afd-74f0-4b30-a8c2-4e287cdc33e6}</UniqueIdentifier>
    </Filter>
    <Filter Include="02. GameObjects\00. UI\01. PlayerSlot\Shield">
      <UniqueIdentifier>{d2db6d77-ab0a-4b8e-bcab-0d6086a2f377}</UniqueIdentifier>
    </Filter>
    <Filter Include="02. GameObjects\00. UI\02. Player_Gauge">
      <UniqueIdentifier>{8fa5bf1b-290c-4022-8be3-d929d756df0a}</UniqueIdentifier>
    </Filter>
    <Filter Include="02. GameObjects\00. UI\02. Player_Gauge\00. Player_HP">
      <UniqueIdentifier>{ab4ab332-32f6-4370-afca-ee131657ab04}</UniqueIdentifier>
    </Filter>
    <Filter Include="02. GameObjects\00. UI\02. Player_Gauge\01. Player_Stamina">
      <UniqueIdentifier>{6e6ff22c-e9d1-4ed0-b0f8-9a06fb460d32}</UniqueIdentifier>
    </Filter>
    <Filter Include="02. GameObjects\01. Map\00. Objects">
      <UniqueIdentifier>{682ddee7-b9b5-4979-a9b5-2c23b1723468}</UniqueIdentifier>
    </Filter>
    <Filter Include="02. GameObjects\01. Map\00. Objects\Ladder">
      <UniqueIdentifier>{ac021cd6-4e44-4e00-8180-e2f56dc9eda1}</UniqueIdentifier>
    </Filter>
    <Filter Include="02. GameObjects\02. Player\99. States\09. Ladder">
      <UniqueIdentifier>{8ba36159-2cff-48a1-b194-831e30e663f2}</UniqueIdentifier>
    </Filter>
    <Filter Include="02. GameObjects\00. UI\03. Boss">
      <UniqueIdentifier>{47ba5c68-dd17-490b-bd23-af32bde36fe7}</UniqueIdentifier>
    </Filter>
    <Filter Include="02. GameObjects\00. UI\03. Boss\01. Boss_HP">
      <UniqueIdentifier>{4d4a157d-bbd2-4141-ba5a-32571112653c}</UniqueIdentifier>
    </Filter>
    <Filter Include="02. GameObjects\00. UI\03. Boss\00. Boss_Gauge">
      <UniqueIdentifier>{66cd9d0f-cb91-45df-af46-dd1232b3b092}</UniqueIdentifier>
    </Filter>
    <Filter Include="02. GameObjects\00. UI\04. Background_Loading">
      <UniqueIdentifier>{ff368a12-e63b-422d-befc-41fd9e76f911}</UniqueIdentifier>
    </Filter>
    <Filter Include="02. GameObjects\01. Map\00. Objects\InDoor">
      <UniqueIdentifier>{1de2ec41-6129-4a3d-bea1-f4d787dc052f}</UniqueIdentifier>
    </Filter>
    <Filter Include="02. GameObjects\02. Player\99. States\10. OpenDoor">
      <UniqueIdentifier>{9b58ba2d-1c7f-4915-be94-66cf6a11c514}</UniqueIdentifier>
    </Filter>
    <Filter Include="02. GameObjects\01. Map\00. Objects\OutDoor">
      <UniqueIdentifier>{a3a652ea-61c6-45e0-999e-8ad519c3cd83}</UniqueIdentifier>
    </Filter>
    <Filter Include="02. GameObjects\01. Map\00. Objects\Item">
      <UniqueIdentifier>{cbafdd8f-f016-4991-83ca-a33e1e174872}</UniqueIdentifier>
    </Filter>
    <Filter Include="02. GameObjects\00. UI\05. PopUp">
      <UniqueIdentifier>{3b3a425c-cf9a-40b1-a14c-9e950cc0b217}</UniqueIdentifier>
    </Filter>
    <Filter Include="02. GameObjects\00. UI\05. PopUp\Ladder">
      <UniqueIdentifier>{befee528-3448-4fb7-b64a-090e37cfd794}</UniqueIdentifier>
    </Filter>
    <Filter Include="02. GameObjects\00. UI\05. PopUp\Door">
      <UniqueIdentifier>{2f1e20b0-896c-4305-916f-f899d080f509}</UniqueIdentifier>
    </Filter>
    <Filter Include="02. GameObjects\00. UI\05. PopUp\PickUp">
      <UniqueIdentifier>{4149a83a-a6ab-4721-8ecd-34b2bb0c12bb}</UniqueIdentifier>
    </Filter>
    <Filter Include="02. GameObjects\02. Player\99. States\11. PickUp">
      <UniqueIdentifier>{0d2b3069-8b9f-49e2-88a6-fa8052c9fbf4}</UniqueIdentifier>
    </Filter>
    <Filter Include="02. GameObjects\01. Map\00. Objects\Item\Estus">
      <UniqueIdentifier>{583e1798-790a-435a-939c-d6ab559c6d89}</UniqueIdentifier>
    </Filter>
    <Filter Include="02. GameObjects\01. Map\00. Objects\Item\Weapon">
      <UniqueIdentifier>{a02878df-3311-42fb-afa3-242541a424c4}</UniqueIdentifier>
    </Filter>
    <Filter Include="02. GameObjects\01. Map\00. Objects\Item\Shield">
      <UniqueIdentifier>{7784acd2-da26-49ea-bfee-1eef056b70b6}</UniqueIdentifier>
    </Filter>
    <Filter Include="02. GameObjects\00. UI\05. PopUp\PickUp\Estus">
      <UniqueIdentifier>{061e915c-1a19-433a-abdb-0f12073e1260}</UniqueIdentifier>
    </Filter>
    <Filter Include="02. GameObjects\00. UI\05. PopUp\PickUp\Weapon">
      <UniqueIdentifier>{a53e47d3-cf64-4f33-9cae-212e3d5de5d4}</UniqueIdentifier>
    </Filter>
    <Filter Include="02. GameObjects\00. UI\05. PopUp\PickUp\Shield">
      <UniqueIdentifier>{3568ac3e-a578-4fb1-9157-a7a5512c7728}</UniqueIdentifier>
    </Filter>
  </ItemGroup>
  <ItemGroup>
    <ClInclude Include="Client.h">
      <Filter>98. Default</Filter>
    </ClInclude>
    <ClInclude Include="framework.h">
      <Filter>98. Default</Filter>
    </ClInclude>
    <ClInclude Include="Resource.h">
      <Filter>98. Default</Filter>
    </ClInclude>
    <ClInclude Include="targetver.h">
      <Filter>98. Default</Filter>
    </ClInclude>
    <ClInclude Include="..\Public\Client_Defines.h">
      <Filter>99. Define</Filter>
    </ClInclude>
    <ClInclude Include="..\Public\MainApp.h">
      <Filter>00. Mainapp</Filter>
    </ClInclude>
    <ClInclude Include="..\Public\Level_Loading.h">
      <Filter>01. Levels\00. Loading</Filter>
    </ClInclude>
    <ClInclude Include="..\Public\Loader.h">
      <Filter>01. Levels\00. Loading\Loader</Filter>
    </ClInclude>
    <ClInclude Include="..\Public\Level_Logo.h">
      <Filter>01. Levels\01. Logo</Filter>
    </ClInclude>
    <ClInclude Include="..\Public\Level_GamePlay.h">
      <Filter>01. Levels\02. GamePlay</Filter>
    </ClInclude>
    <ClInclude Include="..\Public\Body.h">
      <Filter>02. GameObjects\02. Player\00. Body</Filter>
    </ClInclude>
    <ClInclude Include="..\Public\Player.h">
      <Filter>02. GameObjects\02. Player</Filter>
    </ClInclude>
    <ClInclude Include="..\Public\Player_Idle.h">
      <Filter>02. GameObjects\02. Player\99. States\00. Idle</Filter>
    </ClInclude>
    <ClInclude Include="..\Public\Player_Walk.h">
      <Filter>02. GameObjects\02. Player\99. States\01. Walk</Filter>
    </ClInclude>
    <ClInclude Include="..\Public\Player_Run.h">
      <Filter>02. GameObjects\02. Player\99. States\02. Run</Filter>
    </ClInclude>
    <ClInclude Include="..\Public\Player_Roll.h">
      <Filter>02. GameObjects\02. Player\99. States\03. Roll</Filter>
    </ClInclude>
    <ClInclude Include="..\Public\Player_Guard.h">
      <Filter>02. GameObjects\02. Player\99. States\04. Guard</Filter>
    </ClInclude>
    <ClInclude Include="..\Public\Player_Attack.h">
      <Filter>02. GameObjects\02. Player\99. States\05. Attack</Filter>
    </ClInclude>
    <ClInclude Include="..\Public\Weapon.h">
      <Filter>02. GameObjects\02. Player\01. Weapon</Filter>
    </ClInclude>
    <ClInclude Include="..\Public\WeaponCase.h">
      <Filter>02. GameObjects\02. Player\02. WeaponCase</Filter>
    </ClInclude>
    <ClInclude Include="..\Public\Shield.h">
      <Filter>02. GameObjects\02. Player\03. Shield</Filter>
    </ClInclude>
    <ClInclude Include="..\Public\Monster_Darkwraith.h">
      <Filter>02. GameObjects\03. Monster\Darkwraith</Filter>
    </ClInclude>
    <ClInclude Include="..\Public\Darkwraith_Idle.h">
      <Filter>02. GameObjects\03. Monster\Darkwraith\States\00. Idle</Filter>
    </ClInclude>
    <ClInclude Include="..\Public\Darkwraith_Walk.h">
      <Filter>02. GameObjects\03. Monster\Darkwraith\States\01. Walk</Filter>
    </ClInclude>
    <ClInclude Include="..\Public\Darkwraith_Attack.h">
      <Filter>02. GameObjects\03. Monster\Darkwraith\States\04. Attack</Filter>
    </ClInclude>
    <ClInclude Include="..\Public\Weapon_Darkwraith.h">
      <Filter>02. GameObjects\03. Monster\Darkwraith\Weapon</Filter>
    </ClInclude>
    <ClInclude Include="..\Public\Darkwraith_Damaged.h">
      <Filter>02. GameObjects\03. Monster\Darkwraith\States\02. Damaged</Filter>
    </ClInclude>
    <ClInclude Include="..\Public\Player_Damaged.h">
      <Filter>02. GameObjects\02. Player\99. States\06. Damaged</Filter>
    </ClInclude>
    <ClInclude Include="..\Public\Player_Recoil.h">
      <Filter>02. GameObjects\02. Player\99. States\04. Guard\Recoil</Filter>
    </ClInclude>
    <ClInclude Include="..\Public\Camera_Free.h">
      <Filter>02. GameObjects\02. Player\04. Camera</Filter>
    </ClInclude>
    <ClInclude Include="..\Public\Monster_Boss.h">
      <Filter>02. GameObjects\03. Monster\Boss</Filter>
    </ClInclude>
    <ClInclude Include="..\Public\Weapon_Boss.h">
      <Filter>02. GameObjects\03. Monster\Boss\Weapon</Filter>
    </ClInclude>
    <ClInclude Include="..\Public\Boss_Idle.h">
      <Filter>02. GameObjects\03. Monster\Boss\States\00. Idle</Filter>
    </ClInclude>
    <ClInclude Include="..\Public\Boss_Walk.h">
      <Filter>02. GameObjects\03. Monster\Boss\States\01. Walk</Filter>
    </ClInclude>
    <ClInclude Include="..\Public\Boss_Attack.h">
      <Filter>02. GameObjects\03. Monster\Boss\States\04. Attack</Filter>
    </ClInclude>
    <ClInclude Include="..\Public\Boss_FlyAttack.h">
      <Filter>02. GameObjects\03. Monster\Boss\States\06. FlyAttack</Filter>
    </ClInclude>
    <ClInclude Include="..\Public\FlyCollider_Boss.h">
      <Filter>02. GameObjects\03. Monster\Boss\FlyCollider</Filter>
    </ClInclude>
    <ClInclude Include="..\Public\Boss_DashAttack.h">
      <Filter>02. GameObjects\03. Monster\Boss\States\05. DashAttack</Filter>
    </ClInclude>
    <ClInclude Include="..\Public\Boss_Backstep.h">
      <Filter>02. GameObjects\03. Monster\Boss\States\02. Backstep</Filter>
    </ClInclude>
    <ClInclude Include="..\Public\Player_Death.h">
      <Filter>02. GameObjects\02. Player\99. States\07. Death</Filter>
    </ClInclude>
    <ClInclude Include="..\Public\Player_HealStart.h">
      <Filter>02. GameObjects\02. Player\99. States\08. Heal</Filter>
    </ClInclude>
    <ClInclude Include="..\Public\Player_HealEnd.h">
      <Filter>02. GameObjects\02. Player\99. States\08. Heal</Filter>
    </ClInclude>
    <ClInclude Include="..\Public\Player_Healing.h">
      <Filter>02. GameObjects\02. Player\99. States\08. Heal</Filter>
    </ClInclude>
    <ClInclude Include="..\Public\Estus.h">
      <Filter>02. GameObjects\02. Player\05. Estus Flask</Filter>
    </ClInclude>
    <ClInclude Include="..\Public\Boss_Death.h">
      <Filter>02. GameObjects\03. Monster\Boss\States\03. Death</Filter>
    </ClInclude>
    <ClInclude Include="..\Public\Darkwraith_Death.h">
      <Filter>02. GameObjects\03. Monster\Darkwraith\States\03. Death</Filter>
    </ClInclude>
    <ClInclude Include="..\Public\Hollow_Walk.h">
      <Filter>02. GameObjects\03. Monster\Hollow\States\01. Walk</Filter>
    </ClInclude>
    <ClInclude Include="..\Public\Hollow_Idle.h">
      <Filter>02. GameObjects\03. Monster\Hollow\States\00. Idle</Filter>
    </ClInclude>
    <ClInclude Include="..\Public\Hollow_Death.h">
      <Filter>02. GameObjects\03. Monster\Hollow\States\03. Death</Filter>
    </ClInclude>
    <ClInclude Include="..\Public\Hollow_Damaged.h">
      <Filter>02. GameObjects\03. Monster\Hollow\States\02. Damaged</Filter>
    </ClInclude>
    <ClInclude Include="..\Public\Hollow_Attack.h">
      <Filter>02. GameObjects\03. Monster\Hollow\States\04. Attack</Filter>
    </ClInclude>
    <ClInclude Include="..\Public\Monster_Hollow.h">
      <Filter>02. GameObjects\03. Monster\Hollow</Filter>
    </ClInclude>
    <ClInclude Include="..\Public\Weapon_Hollow.h">
      <Filter>02. GameObjects\03. Monster\Hollow\Weapon</Filter>
    </ClInclude>
    <ClInclude Include="..\Public\Background.h">
      <Filter>02. GameObjects\00. UI\00. MainMenu</Filter>
    </ClInclude>
    <ClInclude Include="..\Public\Player_Slot.h">
      <Filter>02. GameObjects\00. UI\01. PlayerSlot</Filter>
    </ClInclude>
    <ClInclude Include="..\Public\Fog.h">
      <Filter>02. GameObjects\01. Map\Fog</Filter>
    </ClInclude>
    <ClInclude Include="..\Public\Mountain.h">
      <Filter>02. GameObjects\01. Map\Mountain</Filter>
    </ClInclude>
    <ClInclude Include="..\Public\Sky.h">
      <Filter>02. GameObjects\01. Map\Sky</Filter>
    </ClInclude>
    <ClInclude Include="..\Public\Map.h">
      <Filter>02. GameObjects\01. Map\Map1</Filter>
    </ClInclude>
    <ClInclude Include="..\Public\Map2.h">
      <Filter>02. GameObjects\01. Map\Map2</Filter>
    </ClInclude>
    <ClInclude Include="..\Public\Map3.h">
      <Filter>02. GameObjects\01. Map\Map3</Filter>
    </ClInclude>
    <ClInclude Include="..\Public\Map4.h">
      <Filter>02. GameObjects\01. Map\Map4</Filter>
    </ClInclude>
    <ClInclude Include="..\Public\UI_Estus.h">
      <Filter>02. GameObjects\00. UI\01. PlayerSlot\Estus</Filter>
    </ClInclude>
    <ClInclude Include="..\Public\UI_Weapon.h">
      <Filter>02. GameObjects\00. UI\01. PlayerSlot\Weapon</Filter>
    </ClInclude>
    <ClInclude Include="..\Public\UI_Shield.h">
      <Filter>02. GameObjects\00. UI\01. PlayerSlot\Shield</Filter>
    </ClInclude>
    <ClInclude Include="..\Public\UI_Player_HP.h">
      <Filter>02. GameObjects\00. UI\02. Player_Gauge\00. Player_HP</Filter>
    </ClInclude>
    <ClInclude Include="..\Public\UI_Player_Gauge.h">
      <Filter>02. GameObjects\00. UI\02. Player_Gauge\00. Player_HP</Filter>
    </ClInclude>
    <ClInclude Include="..\Public\UI_Player_Stamina.h">
      <Filter>02. GameObjects\00. UI\02. Player_Gauge\01. Player_Stamina</Filter>
    </ClInclude>
    <ClInclude Include="..\Public\UI_Player_Stamina_Gauge.h">
      <Filter>02. GameObjects\00. UI\02. Player_Gauge\01. Player_Stamina</Filter>
    </ClInclude>
    <ClInclude Include="..\Public\Ladder.h">
      <Filter>02. GameObjects\01. Map\00. Objects\Ladder</Filter>
    </ClInclude>
    <ClInclude Include="..\Public\Player_Ladder.h">
      <Filter>02. GameObjects\02. Player\99. States\09. Ladder</Filter>
    </ClInclude>
    <ClInclude Include="..\Public\UI_Boss_Gauge.h">
      <Filter>02. GameObjects\00. UI\03. Boss\00. Boss_Gauge</Filter>
    </ClInclude>
    <ClInclude Include="..\Public\UI_Boss_HP.h">
      <Filter>02. GameObjects\00. UI\03. Boss\01. Boss_HP</Filter>
    </ClInclude>
    <ClInclude Include="..\Public\Background_Loading.h">
      <Filter>02. GameObjects\00. UI\04. Background_Loading</Filter>
    </ClInclude>
    <ClInclude Include="..\Public\InDoor.h">
      <Filter>02. GameObjects\01. Map\00. Objects\InDoor</Filter>
    </ClInclude>
    <ClInclude Include="..\Public\Player_OpenDoor.h">
      <Filter>02. GameObjects\02. Player\99. States\10. OpenDoor</Filter>
    </ClInclude>
    <ClInclude Include="..\Public\OutDoor.h">
      <Filter>02. GameObjects\01. Map\00. Objects\OutDoor</Filter>
    </ClInclude>
    <ClInclude Include="..\Public\UI_PopUp.h">
      <Filter>02. GameObjects\00. UI\05. PopUp\Ladder</Filter>
    </ClInclude>
    <ClInclude Include="..\Public\UI_PopUp_Door.h">
      <Filter>02. GameObjects\00. UI\05. PopUp\Door</Filter>
    </ClInclude>
    <ClInclude Include="..\Public\UI_PopUp_PickUp.h">
      <Filter>02. GameObjects\00. UI\05. PopUp\PickUp</Filter>
    </ClInclude>
    <ClInclude Include="..\Public\Player_PickUp.h">
      <Filter>02. GameObjects\02. Player\99. States\11. PickUp</Filter>
    </ClInclude>
    <ClInclude Include="..\Public\Item.h">
      <Filter>02. GameObjects\01. Map\00. Objects\Item\Estus</Filter>
    </ClInclude>
    <ClInclude Include="..\Public\Item_Weapon.h">
      <Filter>02. GameObjects\01. Map\00. Objects\Item\Weapon</Filter>
    </ClInclude>
    <ClInclude Include="..\Public\Item_Shield.h">
      <Filter>02. GameObjects\01. Map\00. Objects\Item\Shield</Filter>
    </ClInclude>
    <ClInclude Include="..\Public\UI_PopUp_Estus.h">
      <Filter>02. GameObjects\00. UI\05. PopUp\PickUp\Estus</Filter>
    </ClInclude>
    <ClInclude Include="..\Public\UI_PopUp_Weapon.h">
      <Filter>02. GameObjects\00. UI\05. PopUp\PickUp\Weapon</Filter>
    </ClInclude>
    <ClInclude Include="..\Public\UI_PopUp_Shield.h">
      <Filter>02. GameObjects\00. UI\05. PopUp\PickUp\Shield</Filter>
    </ClInclude>
  </ItemGroup>
  <ItemGroup>
    <Image Include="small.ico">
      <Filter>98. Default</Filter>
    </Image>
    <Image Include="Client.ico">
      <Filter>98. Default</Filter>
    </Image>
  </ItemGroup>
  <ItemGroup>
    <ResourceCompile Include="Client.rc">
      <Filter>98. Default</Filter>
    </ResourceCompile>
  </ItemGroup>
  <ItemGroup>
    <ClCompile Include="Client.cpp">
      <Filter>98. Default</Filter>
    </ClCompile>
    <ClCompile Include="..\Private\MainApp.cpp">
      <Filter>00. Mainapp</Filter>
    </ClCompile>
    <ClCompile Include="..\Private\Level_Loading.cpp">
      <Filter>01. Levels\00. Loading</Filter>
    </ClCompile>
    <ClCompile Include="..\Private\Loader.cpp">
      <Filter>01. Levels\00. Loading\Loader</Filter>
    </ClCompile>
    <ClCompile Include="..\Private\Level_Logo.cpp">
      <Filter>01. Levels\01. Logo</Filter>
    </ClCompile>
    <ClCompile Include="..\Private\Body.cpp">
      <Filter>02. GameObjects\02. Player\00. Body</Filter>
    </ClCompile>
    <ClCompile Include="..\Private\Player.cpp">
      <Filter>02. GameObjects\02. Player</Filter>
    </ClCompile>
    <ClCompile Include="..\Private\Player_Idle.cpp">
      <Filter>02. GameObjects\02. Player\99. States\00. Idle</Filter>
    </ClCompile>
    <ClCompile Include="..\Private\Player_Walk.cpp">
      <Filter>02. GameObjects\02. Player\99. States\01. Walk</Filter>
    </ClCompile>
    <ClCompile Include="..\Private\Player_Run.cpp">
      <Filter>02. GameObjects\02. Player\99. States\02. Run</Filter>
    </ClCompile>
    <ClCompile Include="..\Private\Player_Roll.cpp">
      <Filter>02. GameObjects\02. Player\99. States\03. Roll</Filter>
    </ClCompile>
    <ClCompile Include="..\Private\Player_Guard.cpp">
      <Filter>02. GameObjects\02. Player\99. States\04. Guard</Filter>
    </ClCompile>
    <ClCompile Include="..\Private\Player_Attack.cpp">
      <Filter>02. GameObjects\02. Player\99. States\05. Attack</Filter>
    </ClCompile>
    <ClCompile Include="..\Private\Weapon.cpp">
      <Filter>02. GameObjects\02. Player\01. Weapon</Filter>
    </ClCompile>
    <ClCompile Include="..\Private\WeaponCase.cpp">
      <Filter>02. GameObjects\02. Player\02. WeaponCase</Filter>
    </ClCompile>
    <ClCompile Include="..\Private\Shield.cpp">
      <Filter>02. GameObjects\02. Player\03. Shield</Filter>
    </ClCompile>
    <ClCompile Include="..\Private\Monster_Darkwraith.cpp">
      <Filter>02. GameObjects\03. Monster\Darkwraith</Filter>
    </ClCompile>
    <ClCompile Include="..\Private\Darkwraith_Idle.cpp">
      <Filter>02. GameObjects\03. Monster\Darkwraith\States\00. Idle</Filter>
    </ClCompile>
    <ClCompile Include="..\Private\Darkwraith_Walk.cpp">
      <Filter>02. GameObjects\03. Monster\Darkwraith\States\01. Walk</Filter>
    </ClCompile>
    <ClCompile Include="..\Private\Darkwraith_Attack.cpp">
      <Filter>02. GameObjects\03. Monster\Darkwraith\States\04. Attack</Filter>
    </ClCompile>
    <ClCompile Include="..\Private\Weapon_Darkwraith.cpp">
      <Filter>02. GameObjects\03. Monster\Darkwraith\Weapon</Filter>
    </ClCompile>
    <ClCompile Include="..\Private\Darkwraith_Damaged.cpp">
      <Filter>02. GameObjects\03. Monster\Darkwraith\States\02. Damaged</Filter>
    </ClCompile>
    <ClCompile Include="..\Private\Player_Damaged.cpp">
      <Filter>02. GameObjects\02. Player\99. States\06. Damaged</Filter>
    </ClCompile>
    <ClCompile Include="..\Private\Player_Recoil.cpp">
      <Filter>02. GameObjects\02. Player\99. States\04. Guard\Recoil</Filter>
    </ClCompile>
    <ClCompile Include="..\Private\Camera_Free.cpp">
      <Filter>02. GameObjects\02. Player\04. Camera</Filter>
    </ClCompile>
    <ClCompile Include="..\Private\Monster_Boss.cpp">
      <Filter>02. GameObjects\03. Monster\Boss</Filter>
    </ClCompile>
    <ClCompile Include="..\Private\Weapon_Boss.cpp">
      <Filter>02. GameObjects\03. Monster\Boss\Weapon</Filter>
    </ClCompile>
    <ClCompile Include="..\Private\Boss_Idle.cpp">
      <Filter>02. GameObjects\03. Monster\Boss\States\00. Idle</Filter>
    </ClCompile>
    <ClCompile Include="..\Private\Boss_Walk.cpp">
      <Filter>02. GameObjects\03. Monster\Boss\States\01. Walk</Filter>
    </ClCompile>
    <ClCompile Include="..\Private\Boss_Attack.cpp">
      <Filter>02. GameObjects\03. Monster\Boss\States\04. Attack</Filter>
    </ClCompile>
    <ClCompile Include="..\Private\Boss_FlyAttack.cpp">
      <Filter>02. GameObjects\03. Monster\Boss\States\06. FlyAttack</Filter>
    </ClCompile>
    <ClCompile Include="..\Private\FlyCollider_Boss.cpp">
      <Filter>02. GameObjects\03. Monster\Boss\FlyCollider</Filter>
    </ClCompile>
    <ClCompile Include="..\Private\Boss_DashAttack.cpp">
      <Filter>02. GameObjects\03. Monster\Boss\States\05. DashAttack</Filter>
    </ClCompile>
    <ClCompile Include="..\Private\Boss_Backstep.cpp">
      <Filter>02. GameObjects\03. Monster\Boss\States\02. Backstep</Filter>
    </ClCompile>
    <ClCompile Include="..\Private\Player_Death.cpp">
      <Filter>02. GameObjects\02. Player\99. States\07. Death</Filter>
    </ClCompile>
    <ClCompile Include="..\Private\Player_HealStart.cpp">
      <Filter>02. GameObjects\02. Player\99. States\08. Heal</Filter>
    </ClCompile>
    <ClCompile Include="..\Private\Player_HealEnd.cpp">
      <Filter>02. GameObjects\02. Player\99. States\08. Heal</Filter>
    </ClCompile>
    <ClCompile Include="..\Private\Player_Healing.cpp">
      <Filter>02. GameObjects\02. Player\99. States\08. Heal</Filter>
    </ClCompile>
    <ClCompile Include="..\Private\Estus.cpp">
      <Filter>02. GameObjects\02. Player\05. Estus Flask</Filter>
    </ClCompile>
    <ClCompile Include="..\Private\Boss_Death.cpp">
      <Filter>02. GameObjects\03. Monster\Boss\States\03. Death</Filter>
    </ClCompile>
    <ClCompile Include="..\Private\Darkwraith_Death.cpp">
      <Filter>02. GameObjects\03. Monster\Darkwraith\States\03. Death</Filter>
    </ClCompile>
    <ClCompile Include="..\Private\Hollow_Attack.cpp">
      <Filter>02. GameObjects\03. Monster\Hollow\States\04. Attack</Filter>
    </ClCompile>
    <ClCompile Include="..\Private\Hollow_Damaged.cpp">
      <Filter>02. GameObjects\03. Monster\Hollow\States\02. Damaged</Filter>
    </ClCompile>
    <ClCompile Include="..\Private\Hollow_Death.cpp">
      <Filter>02. GameObjects\03. Monster\Hollow\States\03. Death</Filter>
    </ClCompile>
    <ClCompile Include="..\Private\Hollow_Idle.cpp">
      <Filter>02. GameObjects\03. Monster\Hollow\States\00. Idle</Filter>
    </ClCompile>
    <ClCompile Include="..\Private\Hollow_Walk.cpp">
      <Filter>02. GameObjects\03. Monster\Hollow\States\01. Walk</Filter>
    </ClCompile>
    <ClCompile Include="..\Private\Monster_Hollow.cpp">
      <Filter>02. GameObjects\03. Monster\Hollow</Filter>
    </ClCompile>
    <ClCompile Include="..\Private\Weapon_Hollow.cpp">
      <Filter>02. GameObjects\03. Monster\Hollow\Weapon</Filter>
    </ClCompile>
    <ClCompile Include="..\Private\Background.cpp">
      <Filter>02. GameObjects\00. UI\00. MainMenu</Filter>
    </ClCompile>
    <ClCompile Include="..\Private\Player_Slot.cpp">
      <Filter>02. GameObjects\00. UI\01. PlayerSlot</Filter>
    </ClCompile>
    <ClCompile Include="..\Private\Fog.cpp">
      <Filter>02. GameObjects\01. Map\Fog</Filter>
    </ClCompile>
    <ClCompile Include="..\Private\Mountain.cpp">
      <Filter>02. GameObjects\01. Map\Mountain</Filter>
    </ClCompile>
    <ClCompile Include="..\Private\Sky.cpp">
      <Filter>02. GameObjects\01. Map\Sky</Filter>
    </ClCompile>
    <ClCompile Include="..\Private\Map.cpp">
      <Filter>02. GameObjects\01. Map\Map1</Filter>
    </ClCompile>
    <ClCompile Include="..\Private\Map2.cpp">
      <Filter>02. GameObjects\01. Map\Map2</Filter>
    </ClCompile>
    <ClCompile Include="..\Private\Map3.cpp">
      <Filter>02. GameObjects\01. Map\Map3</Filter>
    </ClCompile>
    <ClCompile Include="..\Private\Map4.cpp">
      <Filter>02. GameObjects\01. Map\Map4</Filter>
    </ClCompile>
    <ClCompile Include="..\Private\UI_Estus.cpp">
      <Filter>02. GameObjects\00. UI\01. PlayerSlot\Estus</Filter>
    </ClCompile>
    <ClCompile Include="..\Private\UI_Weapon.cpp">
      <Filter>02. GameObjects\00. UI\01. PlayerSlot\Weapon</Filter>
    </ClCompile>
    <ClCompile Include="..\Private\UI_Shield.cpp">
      <Filter>02. GameObjects\00. UI\01. PlayerSlot\Shield</Filter>
    </ClCompile>
    <ClCompile Include="..\Private\UI_Player_HP.cpp">
      <Filter>02. GameObjects\00. UI\02. Player_Gauge\00. Player_HP</Filter>
    </ClCompile>
    <ClCompile Include="..\Private\Level_GamePlay.cpp">
      <Filter>01. Levels\02. GamePlay</Filter>
    </ClCompile>
    <ClCompile Include="..\Private\UI_Player_Gauge.cpp">
      <Filter>02. GameObjects\00. UI\02. Player_Gauge\00. Player_HP</Filter>
    </ClCompile>
    <ClCompile Include="..\Private\UI_Player_Stamina.cpp">
      <Filter>02. GameObjects\00. UI\02. Player_Gauge\01. Player_Stamina</Filter>
    </ClCompile>
    <ClCompile Include="..\Private\UI_Player_Stamina_Gauge.cpp">
      <Filter>02. GameObjects\00. UI\02. Player_Gauge\01. Player_Stamina</Filter>
    </ClCompile>
    <ClCompile Include="..\Private\Ladder.cpp">
      <Filter>02. GameObjects\01. Map\00. Objects\Ladder</Filter>
    </ClCompile>
    <ClCompile Include="..\Private\Player_Ladder.cpp">
      <Filter>02. GameObjects\02. Player\99. States\09. Ladder</Filter>
    </ClCompile>
    <ClCompile Include="..\Private\UI_Boss_Gauge.cpp">
      <Filter>02. GameObjects\00. UI\03. Boss\00. Boss_Gauge</Filter>
    </ClCompile>
    <ClCompile Include="..\Private\UI_Boss_HP.cpp">
      <Filter>02. GameObjects\00. UI\03. Boss\01. Boss_HP</Filter>
    </ClCompile>
    <ClCompile Include="..\Private\Background_Loading.cpp">
      <Filter>02. GameObjects\00. UI\04. Background_Loading</Filter>
    </ClCompile>
    <ClCompile Include="..\Private\InDoor.cpp">
      <Filter>02. GameObjects\01. Map\00. Objects\InDoor</Filter>
    </ClCompile>
    <ClCompile Include="..\Private\Player_OpenDoor.cpp">
      <Filter>02. GameObjects\02. Player\99. States\10. OpenDoor</Filter>
    </ClCompile>
    <ClCompile Include="..\Private\OutDoor.cpp">
      <Filter>02. GameObjects\01. Map\00. Objects\OutDoor</Filter>
    </ClCompile>
    <ClCompile Include="..\Private\UI_PopUp.cpp">
      <Filter>02. GameObjects\00. UI\05. PopUp\Ladder</Filter>
    </ClCompile>
    <ClCompile Include="..\Private\UI_PopUp_Door.cpp">
      <Filter>02. GameObjects\00. UI\05. PopUp\Door</Filter>
    </ClCompile>
    <ClCompile Include="..\Private\Player_PickUp.cpp">
      <Filter>02. GameObjects\02. Player\99. States\11. PickUp</Filter>
    </ClCompile>
    <ClCompile Include="..\Private\Item.cpp">
      <Filter>02. GameObjects\01. Map\00. Objects\Item\Estus</Filter>
    </ClCompile>
    <ClCompile Include="..\Private\Item_Weapon.cpp">
      <Filter>02. GameObjects\01. Map\00. Objects\Item\Weapon</Filter>
    </ClCompile>
    <ClCompile Include="..\Private\Item_Shield.cpp">
      <Filter>02. GameObjects\01. Map\00. Objects\Item\Shield</Filter>
    </ClCompile>
    <ClCompile Include="..\Private\UI_PopUp_PickUp.cpp">
      <Filter>02. GameObjects\00. UI\05. PopUp\PickUp</Filter>
    </ClCompile>
    <ClCompile Include="..\Private\UI_PopUp_Estus.cpp">
      <Filter>02. GameObjects\00. UI\05. PopUp\PickUp\Estus</Filter>
    </ClCompile>
    <ClCompile Include="..\Private\UI_PopUp_Weapon.cpp">
      <Filter>02. GameObjects\00. UI\05. PopUp\PickUp\Weapon</Filter>
    </ClCompile>
    <ClCompile Include="..\Private\UI_PopUp_Shield.cpp">
      <Filter>02. GameObjects\00. UI\05. PopUp\PickUp\Shield</Filter>
    </ClCompile>
  </ItemGroup>
  <ItemGroup>
    <FxCompile Include="..\Bin\ShaderFiles\Shader_VtxPosTex.hlsl">
      <Filter>97. ShaderFiles</Filter>
    </FxCompile>
    <FxCompile Include="..\Bin\ShaderFiles\Shader_VtxNorTex.hlsl">
      <Filter>97. ShaderFiles</Filter>
    </FxCompile>
    <FxCompile Include="..\Bin\ShaderFiles\Shader_VtxMesh.hlsl">
      <Filter>97. ShaderFiles</Filter>
    </FxCompile>
    <FxCompile Include="..\Bin\ShaderFiles\Shader_VtxAnimMesh.hlsl">
      <Filter>97. ShaderFiles</Filter>
    </FxCompile>
  </ItemGroup>
</Project>