<?xml version="1.0" encoding="utf-8"?>
<Project ToolsVersion="4.0" xmlns="http://schemas.microsoft.com/developer/msbuild/2003">
  <ItemGroup>
    <Filter Include="98. Default">
      <UniqueIdentifier>{554127c4-1b8f-4707-b8e7-7adf6de1af05}</UniqueIdentifier>
    </Filter>
    <Filter Include="00. MainApp">
      <UniqueIdentifier>{e1d7d4b1-a796-4ba9-ae83-7d1754677ec1}</UniqueIdentifier>
    </Filter>
    <Filter Include="99. Define">
      <UniqueIdentifier>{6e0cc633-19f0-4a74-b288-6ac1aa617428}</UniqueIdentifier>
    </Filter>
    <Filter Include="01. Levels">
      <UniqueIdentifier>{c24cbbf8-ad11-4f6a-92f6-c5ff0726be6f}</UniqueIdentifier>
    </Filter>
    <Filter Include="01. Levels\00. Loading">
      <UniqueIdentifier>{07e3ab8b-f1e3-46d1-9a44-1af1a3b31ce3}</UniqueIdentifier>
    </Filter>
    <Filter Include="01. Levels\00. Loading\Loader">
      <UniqueIdentifier>{99b5a510-97e8-451b-bb9a-cbb5451f6e48}</UniqueIdentifier>
    </Filter>
    <Filter Include="01. Levels\01. Logo">
      <UniqueIdentifier>{90b271b7-fc30-43e7-8690-81db759c454c}</UniqueIdentifier>
    </Filter>
    <Filter Include="01. Levels\02. GamePlay">
      <UniqueIdentifier>{041d9006-76c2-4064-a872-7c680b255d29}</UniqueIdentifier>
    </Filter>
    <Filter Include="02. GameObjects">
      <UniqueIdentifier>{74d407b5-65a3-491c-912e-793ff164d355}</UniqueIdentifier>
    </Filter>
    <Filter Include="02. GameObjects\00. Background">
      <UniqueIdentifier>{7081a513-0b7e-4342-aebf-8326937ee4e5}</UniqueIdentifier>
    </Filter>
    <Filter Include="02. GameObjects\02. Camera">
      <UniqueIdentifier>{b98d5e8a-4fd7-4fd3-ad43-edcfc9857603}</UniqueIdentifier>
    </Filter>
    <Filter Include="97. ShaderFiles">
      <UniqueIdentifier>{af54cdde-096d-4d62-aa8d-f6967ae7330c}</UniqueIdentifier>
    </Filter>
    <Filter Include="96. ImGui">
      <UniqueIdentifier>{15698379-9146-4e67-8ea7-0060b42a792f}</UniqueIdentifier>
    </Filter>
    <Filter Include="96. ImGui\00. Default">
      <UniqueIdentifier>{e7cdf18d-a88a-4fac-bfa3-1481c6ef3c54}</UniqueIdentifier>
    </Filter>
    <Filter Include="96. ImGui\01. Panel">
      <UniqueIdentifier>{e7a5f3e5-29a3-4236-82a1-e53b393a1668}</UniqueIdentifier>
    </Filter>
    <Filter Include="96. ImGui\01. Panel\Inspector">
      <UniqueIdentifier>{398eaf6e-5987-48c2-b498-496a163eab5e}</UniqueIdentifier>
    </Filter>
    <Filter Include="02. GameObjects\03. Monster">
      <UniqueIdentifier>{a265365c-3b34-4e2f-bdb8-20d7108d8b39}</UniqueIdentifier>
    </Filter>
    <Filter Include="96. ImGui\01. Panel\Scene">
      <UniqueIdentifier>{485edb67-3b76-4e12-882a-bc159f51f5e5}</UniqueIdentifier>
    </Filter>
    <Filter Include="96. ImGui\01. Panel\Prototype">
      <UniqueIdentifier>{80489956-8ca3-4e43-af7e-305fc9d84e22}</UniqueIdentifier>
    </Filter>
    <Filter Include="02. GameObjects\04. Player">
      <UniqueIdentifier>{5b1d541f-e4c0-403f-a3c6-bdf8cbd41803}</UniqueIdentifier>
    </Filter>
    <Filter Include="02. GameObjects\04. Player\Shield">
      <UniqueIdentifier>{ca4e65d2-46b2-4f02-89c6-0cc8c23b41b2}</UniqueIdentifier>
    </Filter>
    <Filter Include="02. GameObjects\04. Player\Weaponcase">
      <UniqueIdentifier>{294609e9-f318-4eb5-ab92-41b54e0c5806}</UniqueIdentifier>
    </Filter>
    <Filter Include="02. GameObjects\04. Player\Weapon">
      <UniqueIdentifier>{2ad5f00a-f6ff-4932-95d7-fc85d4454135}</UniqueIdentifier>
    </Filter>
    <Filter Include="02. GameObjects\04. Player\Body">
      <UniqueIdentifier>{277418e6-fbf3-4d17-9256-e4af44e0402c}</UniqueIdentifier>
    </Filter>
    <Filter Include="02. GameObjects\04. Player\States">
      <UniqueIdentifier>{6e414d37-c4c8-46f5-b4a1-c266a3d3837c}</UniqueIdentifier>
    </Filter>
    <Filter Include="02. GameObjects\04. Player\States\Idle">
      <UniqueIdentifier>{97edda17-2ad3-4eb8-9dbd-904dc60370d3}</UniqueIdentifier>
    </Filter>
    <Filter Include="02. GameObjects\04. Player\States\Walk">
      <UniqueIdentifier>{05fa4289-b76e-4505-aac4-99657258fa2c}</UniqueIdentifier>
    </Filter>
    <Filter Include="02. GameObjects\04. Player\States\Run">
      <UniqueIdentifier>{467037da-2a03-4461-80d2-dde49be1d15f}</UniqueIdentifier>
    </Filter>
    <Filter Include="02. GameObjects\04. Player\States\Roll">
      <UniqueIdentifier>{211f2efa-2a5d-4ebd-b227-313fde73330f}</UniqueIdentifier>
    </Filter>
    <Filter Include="02. GameObjects\04. Player\States\Guard">
      <UniqueIdentifier>{0c48b3ad-77d6-4c69-98b8-8db863e569cf}</UniqueIdentifier>
    </Filter>
    <Filter Include="02. GameObjects\04. Player\States\Attack">
      <UniqueIdentifier>{8884c58b-987c-47fe-a790-27d3ce362035}</UniqueIdentifier>
    </Filter>
    <Filter Include="02. GameObjects\01. Map">
      <UniqueIdentifier>{105b9693-9303-4884-b298-c0b278464526}</UniqueIdentifier>
    </Filter>
    <Filter Include="02. GameObjects\01. Map\Map1">
      <UniqueIdentifier>{84c5a962-86ac-4c7a-9f52-f8c49c916764}</UniqueIdentifier>
    </Filter>
    <Filter Include="02. GameObjects\01. Map\Map2">
      <UniqueIdentifier>{4320963a-d42c-4ca8-9ac5-56389ae4725c}</UniqueIdentifier>
    </Filter>
  </ItemGroup>
  <ItemGroup>
    <ClInclude Include="framework.h">
      <Filter>98. Default</Filter>
    </ClInclude>
    <ClInclude Include="Maptool.h">
      <Filter>98. Default</Filter>
    </ClInclude>
    <ClInclude Include="Resource.h">
      <Filter>98. Default</Filter>
    </ClInclude>
    <ClInclude Include="targetver.h">
      <Filter>98. Default</Filter>
    </ClInclude>
    <ClInclude Include="..\Public\Maptool_Defines.h">
      <Filter>99. Define</Filter>
    </ClInclude>
    <ClInclude Include="..\Public\MainApp.h">
      <Filter>00. MainApp</Filter>
    </ClInclude>
    <ClInclude Include="..\Public\Loader.h">
      <Filter>01. Levels\00. Loading\Loader</Filter>
    </ClInclude>
    <ClInclude Include="..\Public\Level_Loading.h">
      <Filter>01. Levels\00. Loading</Filter>
    </ClInclude>
    <ClInclude Include="..\Public\Level_Logo.h">
      <Filter>01. Levels\01. Logo</Filter>
    </ClInclude>
    <ClInclude Include="..\Public\Level_GamePlay.h">
      <Filter>01. Levels\02. GamePlay</Filter>
    </ClInclude>
    <ClInclude Include="..\Public\Camera_Free.h">
      <Filter>02. GameObjects\02. Camera</Filter>
    </ClInclude>
    <ClInclude Include="..\Public\imconfig.h">
      <Filter>96. ImGui\00. Default</Filter>
    </ClInclude>
    <ClInclude Include="..\Public\imgui.h">
      <Filter>96. ImGui\00. Default</Filter>
    </ClInclude>
    <ClInclude Include="..\Public\imgui_impl_dx11.h">
      <Filter>96. ImGui\00. Default</Filter>
    </ClInclude>
    <ClInclude Include="..\Public\imgui_impl_win32.h">
      <Filter>96. ImGui\00. Default</Filter>
    </ClInclude>
    <ClInclude Include="..\Public\imgui_internal.h">
      <Filter>96. ImGui\00. Default</Filter>
    </ClInclude>
    <ClInclude Include="..\Public\imstb_rectpack.h">
      <Filter>96. ImGui\00. Default</Filter>
    </ClInclude>
    <ClInclude Include="..\Public\imstb_textedit.h">
      <Filter>96. ImGui\00. Default</Filter>
    </ClInclude>
    <ClInclude Include="..\Public\imstb_truetype.h">
      <Filter>96. ImGui\00. Default</Filter>
    </ClInclude>
    <ClInclude Include="..\Private\ImGui_Manager.h">
      <Filter>96. ImGui</Filter>
    </ClInclude>
    <ClInclude Include="..\Public\ImGui_Panel.h">
      <Filter>96. ImGui\01. Panel</Filter>
    </ClInclude>
    <ClInclude Include="..\Public\ImGui_Panel_Prototype.h">
      <Filter>96. ImGui\01. Panel\Prototype</Filter>
    </ClInclude>
    <ClInclude Include="..\Public\ImGui_Panel_Inspector.h">
      <Filter>96. ImGui\01. Panel\Inspector</Filter>
    </ClInclude>
    <ClInclude Include="..\Public\Monster.h">
      <Filter>02. GameObjects\03. Monster</Filter>
    </ClInclude>
    <ClInclude Include="..\Public\ImGui_Panel_Scene.h">
      <Filter>96. ImGui\01. Panel\Scene</Filter>
    </ClInclude>
    <ClInclude Include="..\Public\Player.h">
      <Filter>02. GameObjects\04. Player</Filter>
    </ClInclude>
    <ClInclude Include="..\Public\Player_Attack.h">
      <Filter>02. GameObjects\04. Player\States\Attack</Filter>
    </ClInclude>
    <ClInclude Include="..\Public\Player_Guard.h">
      <Filter>02. GameObjects\04. Player\States\Guard</Filter>
    </ClInclude>
    <ClInclude Include="..\Public\Player_Idle.h">
      <Filter>02. GameObjects\04. Player\States\Idle</Filter>
    </ClInclude>
    <ClInclude Include="..\Public\Player_Roll.h">
      <Filter>02. GameObjects\04. Player\States\Roll</Filter>
    </ClInclude>
    <ClInclude Include="..\Public\Player_Run.h">
      <Filter>02. GameObjects\04. Player\States\Run</Filter>
    </ClInclude>
    <ClInclude Include="..\Public\Player_Walk.h">
      <Filter>02. GameObjects\04. Player\States\Walk</Filter>
    </ClInclude>
    <ClInclude Include="..\Public\Shield.h">
      <Filter>02. GameObjects\04. Player\Shield</Filter>
    </ClInclude>
    <ClInclude Include="..\Public\Weapon.h">
      <Filter>02. GameObjects\04. Player\Weapon</Filter>
    </ClInclude>
    <ClInclude Include="..\Public\WeaponCase.h">
      <Filter>02. GameObjects\04. Player\Weaponcase</Filter>
    </ClInclude>
    <ClInclude Include="..\Public\Body.h">
      <Filter>02. GameObjects\04. Player\Body</Filter>
    </ClInclude>
    <ClInclude Include="..\Public\Map.h">
      <Filter>02. GameObjects\01. Map\Map1</Filter>
    </ClInclude>
    <ClInclude Include="..\Public\Map2.h">
      <Filter>02. GameObjects\01. Map\Map2</Filter>
    </ClInclude>
  </ItemGroup>
  <ItemGroup>
    <ClCompile Include="Maptool.cpp">
      <Filter>98. Default</Filter>
    </ClCompile>
    <ClCompile Include="..\Private\MainApp.cpp">
      <Filter>00. MainApp</Filter>
    </ClCompile>
    <ClCompile Include="..\Private\Loader.cpp">
      <Filter>01. Levels\00. Loading\Loader</Filter>
    </ClCompile>
    <ClCompile Include="..\Private\Level_Loading.cpp">
      <Filter>01. Levels\00. Loading</Filter>
    </ClCompile>
    <ClCompile Include="..\Private\Level_Logo.cpp">
      <Filter>01. Levels\01. Logo</Filter>
    </ClCompile>
    <ClCompile Include="..\Private\Level_GamePlay.cpp">
      <Filter>01. Levels\02. GamePlay</Filter>
    </ClCompile>
    <ClCompile Include="..\Private\Camera_Free.cpp">
      <Filter>02. GameObjects\02. Camera</Filter>
    </ClCompile>
    <ClCompile Include="..\Private\imgui.cpp">
      <Filter>96. ImGui\00. Default</Filter>
    </ClCompile>
    <ClCompile Include="..\Private\imgui_demo.cpp">
      <Filter>96. ImGui\00. Default</Filter>
    </ClCompile>
    <ClCompile Include="..\Private\imgui_draw.cpp">
      <Filter>96. ImGui\00. Default</Filter>
    </ClCompile>
    <ClCompile Include="..\Private\imgui_impl_dx11.cpp">
      <Filter>96. ImGui\00. Default</Filter>
    </ClCompile>
    <ClCompile Include="..\Private\imgui_impl_win32.cpp">
      <Filter>96. ImGui\00. Default</Filter>
    </ClCompile>
    <ClCompile Include="..\Private\imgui_tables.cpp">
      <Filter>96. ImGui\00. Default</Filter>
    </ClCompile>
    <ClCompile Include="..\Private\imgui_widgets.cpp">
      <Filter>96. ImGui\00. Default</Filter>
    </ClCompile>
    <ClCompile Include="..\Private\ImGui_Manager.cpp">
      <Filter>96. ImGui</Filter>
    </ClCompile>
    <ClCompile Include="..\Private\ImGui_Panel.cpp">
      <Filter>96. ImGui\01. Panel</Filter>
    </ClCompile>
    <ClCompile Include="..\Private\ImGui_Panel_Prototype.cpp">
      <Filter>96. ImGui\01. Panel\Prototype</Filter>
    </ClCompile>
    <ClCompile Include="..\Private\ImGui_Panel_Inspector.cpp">
      <Filter>96. ImGui\01. Panel\Inspector</Filter>
    </ClCompile>
    <ClCompile Include="..\Private\Monster.cpp">
      <Filter>02. GameObjects\03. Monster</Filter>
    </ClCompile>
    <ClCompile Include="..\Private\ImGui_Panel_Scene.cpp">
      <Filter>96. ImGui\01. Panel\Scene</Filter>
    </ClCompile>
    <ClCompile Include="..\Private\Player.cpp">
      <Filter>02. GameObjects\04. Player</Filter>
    </ClCompile>
    <ClCompile Include="..\Private\Body.cpp">
      <Filter>02. GameObjects\04. Player\Body</Filter>
    </ClCompile>
    <ClCompile Include="..\Private\Player_Attack.cpp">
      <Filter>02. GameObjects\04. Player\States\Attack</Filter>
    </ClCompile>
    <ClCompile Include="..\Private\Player_Guard.cpp">
      <Filter>02. GameObjects\04. Player\States\Guard</Filter>
    </ClCompile>
    <ClCompile Include="..\Private\Player_Idle.cpp">
      <Filter>02. GameObjects\04. Player\States\Idle</Filter>
    </ClCompile>
    <ClCompile Include="..\Private\Player_Roll.cpp">
      <Filter>02. GameObjects\04. Player\States\Roll</Filter>
    </ClCompile>
    <ClCompile Include="..\Private\Player_Run.cpp">
      <Filter>02. GameObjects\04. Player\States\Run</Filter>
    </ClCompile>
    <ClCompile Include="..\Private\Shield.cpp">
      <Filter>02. GameObjects\04. Player\Shield</Filter>
    </ClCompile>
    <ClCompile Include="..\Private\Player_Walk.cpp">
      <Filter>02. GameObjects\04. Player\States\Walk</Filter>
    </ClCompile>
    <ClCompile Include="..\Private\Weapon.cpp">
      <Filter>02. GameObjects\04. Player\Weapon</Filter>
    </ClCompile>
    <ClCompile Include="..\Private\WeaponCase.cpp">
      <Filter>02. GameObjects\04. Player\Weaponcase</Filter>
    </ClCompile>
    <ClCompile Include="..\Private\Map.cpp">
      <Filter>02. GameObjects\01. Map\Map1</Filter>
    </ClCompile>
    <ClCompile Include="..\Private\Map2.cpp">
      <Filter>02. GameObjects\01. Map\Map2</Filter>
    </ClCompile>
  </ItemGroup>
  <ItemGroup>
    <Image Include="Maptool.ico">
      <Filter>98. Default</Filter>
    </Image>
    <Image Include="small.ico">
      <Filter>98. Default</Filter>
    </Image>
  </ItemGroup>
  <ItemGroup>
    <ResourceCompile Include="Maptool.rc">
      <Filter>98. Default</Filter>
    </ResourceCompile>
  </ItemGroup>
  <ItemGroup>
    <FxCompile Include="..\Bin\ShaderFiles\Shader_VtxMesh.hlsl">
      <Filter>97. ShaderFiles</Filter>
    </FxCompile>
    <FxCompile Include="..\Bin\ShaderFiles\Shader_VtxNorTex.hlsl">
      <Filter>97. ShaderFiles</Filter>
    </FxCompile>
    <FxCompile Include="..\Bin\ShaderFiles\Shader_VtxPosTex.hlsl">
      <Filter>97. ShaderFiles</Filter>
    </FxCompile>
    <FxCompile Include="..\Bin\ShaderFiles\Shader_VtxAnimMesh.hlsl">
      <Filter>97. ShaderFiles</Filter>
    </FxCompile>
  </ItemGroup>
</Project>